// !$*UTF8*$!
{
	archiveVersion = 1;
	classes = {
	};
	objectVersion = 55;
	objects = {

/* Begin PBXAggregateTarget section */
		90520FFB29669DD200072251 /* download_sdk */ = {
			isa = PBXAggregateTarget;
			buildConfigurationList = 90520FFE29669DD200072251 /* Build configuration list for PBXAggregateTarget "download_sdk" */;
			buildPhases = (
				90520FFF29669DD600072251 /* ShellScript */,
			);
			dependencies = (
			);
			name = download_sdk;
			productName = download_sdk;
		};
/* End PBXAggregateTarget section */

/* Begin PBXBuildFile section */
		4543E1C82BC2A25000429413 /* Mode.m in Sources */ = {isa = PBXBuildFile; fileRef = 4543E1C72BC2A25000429413 /* Mode.m */; };
		4578AED32BC2452500DE8EB3 /* EMMessagePinInfo+Helper.h in Headers */ = {isa = PBXBuildFile; fileRef = 4578AED22BC2452500DE8EB3 /* EMMessagePinInfo+Helper.h */; };
		4578AED52BC2467B00DE8EB3 /* EMMessagePinInfo+Helper.m in Sources */ = {isa = PBXBuildFile; fileRef = 4578AED42BC2467B00DE8EB3 /* EMMessagePinInfo+Helper.m */; };
		4597E80F2B875E1200D70B6D /* EMContact+Helper.m in Sources */ = {isa = PBXBuildFile; fileRef = 4597E80E2B875E1200D70B6D /* EMContact+Helper.m */; };
		45C0A2032C09A9EE00D4833E /* HyphenateChat.framework in Frameworks */ = {isa = PBXBuildFile; fileRef = 90319D0D29360033000D01BE /* HyphenateChat.framework */; };
		45C0A2052C09C2C100D4833E /* EMRecallMessageInfo+Helper.h in Headers */ = {isa = PBXBuildFile; fileRef = 45C0A2042C09C2C100D4833E /* EMRecallMessageInfo+Helper.h */; };
		45C0A2072C09C33D00D4833E /* EMRecallMessageInfo+Helper.m in Sources */ = {isa = PBXBuildFile; fileRef = 45C0A2062C09C33D00D4833E /* EMRecallMessageInfo+Helper.m */; };
		90319C812935FC1E000D01BE /* EMMessageManager.m in Sources */ = {isa = PBXBuildFile; fileRef = 90319C2A2935FC1E000D01BE /* EMMessageManager.m */; };
		90319C822935FC1E000D01BE /* EMChatroom+Helper.m in Sources */ = {isa = PBXBuildFile; fileRef = 90319C2B2935FC1E000D01BE /* EMChatroom+Helper.m */; };
		90319C832935FC1E000D01BE /* EMUserInfoManagerWrapper.h in Headers */ = {isa = PBXBuildFile; fileRef = 90319C2C2935FC1E000D01BE /* EMUserInfoManagerWrapper.h */; };
		90319C842935FC1E000D01BE /* EMBaseManager.h in Headers */ = {isa = PBXBuildFile; fileRef = 90319C2D2935FC1E000D01BE /* EMBaseManager.h */; };
		90319C852935FC1E000D01BE /* EMPushManagerWrapper.m in Sources */ = {isa = PBXBuildFile; fileRef = 90319C2E2935FC1E000D01BE /* EMPushManagerWrapper.m */; };
		90319C862935FC1E000D01BE /* EMPresenceManagerWrapper.m in Sources */ = {isa = PBXBuildFile; fileRef = 90319C2F2935FC1E000D01BE /* EMPresenceManagerWrapper.m */; };
		90319C872935FC1E000D01BE /* EMChatManagerWrapper.m in Sources */ = {isa = PBXBuildFile; fileRef = 90319C302935FC1E000D01BE /* EMChatManagerWrapper.m */; };
		90319C882935FC1E000D01BE /* EMConversationWrapper.h in Headers */ = {isa = PBXBuildFile; fileRef = 90319C312935FC1E000D01BE /* EMConversationWrapper.h */; };
		90319C892935FC1E000D01BE /* EMClientWrapper.h in Headers */ = {isa = PBXBuildFile; fileRef = 90319C322935FC1E000D01BE /* EMClientWrapper.h */; };
		90319C8A2935FC1E000D01BE /* EMRoomManagerWrapper.h in Headers */ = {isa = PBXBuildFile; fileRef = 90319C332935FC1E000D01BE /* EMRoomManagerWrapper.h */; };
		90319C8B2935FC1E000D01BE /* EMChatThreadManagerWrapper.m in Sources */ = {isa = PBXBuildFile; fileRef = 90319C342935FC1E000D01BE /* EMChatThreadManagerWrapper.m */; };
		90319C8C2935FC1E000D01BE /* EMContactManagerWrapper.m in Sources */ = {isa = PBXBuildFile; fileRef = 90319C352935FC1E000D01BE /* EMContactManagerWrapper.m */; };
		90319C8D2935FC1E000D01BE /* EMGroupManagerWrapper.h in Headers */ = {isa = PBXBuildFile; fileRef = 90319C362935FC1E000D01BE /* EMGroupManagerWrapper.h */; };
		90319C8E2935FC1E000D01BE /* EMPushManagerWrapper.h in Headers */ = {isa = PBXBuildFile; fileRef = 90319C372935FC1E000D01BE /* EMPushManagerWrapper.h */; };
		90319C8F2935FC1E000D01BE /* EMBaseManager.m in Sources */ = {isa = PBXBuildFile; fileRef = 90319C382935FC1E000D01BE /* EMBaseManager.m */; };
		90319C902935FC1E000D01BE /* EMUserInfoManagerWrapper.m in Sources */ = {isa = PBXBuildFile; fileRef = 90319C392935FC1E000D01BE /* EMUserInfoManagerWrapper.m */; };
		90319C912935FC1E000D01BE /* EMChatroom+Helper.h in Headers */ = {isa = PBXBuildFile; fileRef = 90319C3A2935FC1E000D01BE /* EMChatroom+Helper.h */; };
		90319C922935FC1E000D01BE /* EMMessageManager.h in Headers */ = {isa = PBXBuildFile; fileRef = 90319C3B2935FC1E000D01BE /* EMMessageManager.h */; };
		90319C932935FC1E000D01BE /* EMChatManagerWrapper.h in Headers */ = {isa = PBXBuildFile; fileRef = 90319C3C2935FC1E000D01BE /* EMChatManagerWrapper.h */; };
		90319C942935FC1E000D01BE /* EMPresenceManagerWrapper.h in Headers */ = {isa = PBXBuildFile; fileRef = 90319C3D2935FC1E000D01BE /* EMPresenceManagerWrapper.h */; };
		90319C952935FC1E000D01BE /* EMRoomManagerWrapper.m in Sources */ = {isa = PBXBuildFile; fileRef = 90319C3E2935FC1E000D01BE /* EMRoomManagerWrapper.m */; };
		90319C962935FC1E000D01BE /* EMClientWrapper.m in Sources */ = {isa = PBXBuildFile; fileRef = 90319C3F2935FC1E000D01BE /* EMClientWrapper.m */; };
		90319C972935FC1E000D01BE /* EMConversationWrapper.m in Sources */ = {isa = PBXBuildFile; fileRef = 90319C402935FC1E000D01BE /* EMConversationWrapper.m */; };
		90319C982935FC1E000D01BE /* EMGroupManagerWrapper.m in Sources */ = {isa = PBXBuildFile; fileRef = 90319C412935FC1E000D01BE /* EMGroupManagerWrapper.m */; };
		90319C992935FC1E000D01BE /* EMContactManagerWrapper.h in Headers */ = {isa = PBXBuildFile; fileRef = 90319C422935FC1E000D01BE /* EMContactManagerWrapper.h */; };
		90319C9A2935FC1E000D01BE /* EMChatThreadManagerWrapper.h in Headers */ = {isa = PBXBuildFile; fileRef = 90319C432935FC1E000D01BE /* EMChatThreadManagerWrapper.h */; };
		90319C9B2935FC1E000D01BE /* EMWrapperHelper.h in Headers */ = {isa = PBXBuildFile; fileRef = 90319C442935FC1E000D01BE /* EMWrapperHelper.h */; settings = {ATTRIBUTES = (Public, ); }; };
		90319C9C2935FC1E000D01BE /* EMWrapper.h in Headers */ = {isa = PBXBuildFile; fileRef = 90319C452935FC1E000D01BE /* EMWrapper.h */; settings = {ATTRIBUTES = (Public, ); }; };
		90319C9D2935FC1E000D01BE /* EMSDKMethod.h in Headers */ = {isa = PBXBuildFile; fileRef = 90319C472935FC1E000D01BE /* EMSDKMethod.h */; };
		90319C9F2935FC1E000D01BE /* EMThreadQueue.m in Sources */ = {isa = PBXBuildFile; fileRef = 90319C492935FC1E000D01BE /* EMThreadQueue.m */; };
		90319CA02935FC1E000D01BE /* EMHelper.h in Headers */ = {isa = PBXBuildFile; fileRef = 90319C4A2935FC1E000D01BE /* EMHelper.h */; };
		90319CA12935FC1E000D01BE /* EMUtil.h in Headers */ = {isa = PBXBuildFile; fileRef = 90319C4B2935FC1E000D01BE /* EMUtil.h */; };
		90319CA32935FC1E000D01BE /* EMThreadQueue.h in Headers */ = {isa = PBXBuildFile; fileRef = 90319C4D2935FC1E000D01BE /* EMThreadQueue.h */; };
		90319CA62935FC1E000D01BE /* EMHelper.m in Sources */ = {isa = PBXBuildFile; fileRef = 90319C502935FC1E000D01BE /* EMHelper.m */; };
		90319CA72935FC1E000D01BE /* EMWrapperListener.h in Headers */ = {isa = PBXBuildFile; fileRef = 90319C512935FC1E000D01BE /* EMWrapperListener.h */; settings = {ATTRIBUTES = (Public, ); }; };
		90319CA82935FC1E000D01BE /* EMWrapperCallback.m in Sources */ = {isa = PBXBuildFile; fileRef = 90319C532935FC1E000D01BE /* EMWrapperCallback.m */; };
		90319CA92935FC1E000D01BE /* EMWrapperCallback.h in Headers */ = {isa = PBXBuildFile; fileRef = 90319C542935FC1E000D01BE /* EMWrapperCallback.h */; settings = {ATTRIBUTES = (Public, ); }; };
		90319CAA2935FC1E000D01BE /* EMConversation+Helper.h in Headers */ = {isa = PBXBuildFile; fileRef = 90319C562935FC1E000D01BE /* EMConversation+Helper.h */; };
		90319CAB2935FC1E000D01BE /* EMDeviceConfig+Helper.m in Sources */ = {isa = PBXBuildFile; fileRef = 90319C572935FC1E000D01BE /* EMDeviceConfig+Helper.m */; };
		90319CAC2935FC1E000D01BE /* EMOptions+Helper.h in Headers */ = {isa = PBXBuildFile; fileRef = 90319C582935FC1E000D01BE /* EMOptions+Helper.h */; };
		90319CAD2935FC1E000D01BE /* EaseModeToJson.h in Headers */ = {isa = PBXBuildFile; fileRef = 90319C592935FC1E000D01BE /* EaseModeToJson.h */; };
		90319CAE2935FC1E000D01BE /* EMSilentModeResult+Helper.m in Sources */ = {isa = PBXBuildFile; fileRef = 90319C5A2935FC1E000D01BE /* EMSilentModeResult+Helper.m */; };
		90319CAF2935FC1E000D01BE /* EMChatThreadEvent+Helper.m in Sources */ = {isa = PBXBuildFile; fileRef = 90319C5B2935FC1E000D01BE /* EMChatThreadEvent+Helper.m */; };
		90319CB02935FC1E000D01BE /* EMPageResult+Helper.m in Sources */ = {isa = PBXBuildFile; fileRef = 90319C5C2935FC1E000D01BE /* EMPageResult+Helper.m */; };
		90319CB12935FC1E000D01BE /* EMSilentModeParam+Helper.m in Sources */ = {isa = PBXBuildFile; fileRef = 90319C5D2935FC1E000D01BE /* EMSilentModeParam+Helper.m */; };
		90319CB22935FC1E000D01BE /* EMMessageReaction+Helper.m in Sources */ = {isa = PBXBuildFile; fileRef = 90319C5E2935FC1E000D01BE /* EMMessageReaction+Helper.m */; };
		90319CB32935FC1E000D01BE /* EMChatThread+Helper.h in Headers */ = {isa = PBXBuildFile; fileRef = 90319C5F2935FC1E000D01BE /* EMChatThread+Helper.h */; };
		90319CB42935FC1E000D01BE /* EMUserInfo+Helper.m in Sources */ = {isa = PBXBuildFile; fileRef = 90319C602935FC1E000D01BE /* EMUserInfo+Helper.m */; };
		90319CB52935FC1E000D01BE /* EMGroup+Helper.h in Headers */ = {isa = PBXBuildFile; fileRef = 90319C612935FC1E000D01BE /* EMGroup+Helper.h */; };
		90319CB62935FC1E000D01BE /* EMChatMessage+Helper.h in Headers */ = {isa = PBXBuildFile; fileRef = 90319C622935FC1E000D01BE /* EMChatMessage+Helper.h */; };
		90319CB72935FC1E000D01BE /* EMMessageReactionChange+Helper.m in Sources */ = {isa = PBXBuildFile; fileRef = 90319C632935FC1E000D01BE /* EMMessageReactionChange+Helper.m */; };
		90319CB82935FC1E000D01BE /* EMSilentModeTime+Helper.h in Headers */ = {isa = PBXBuildFile; fileRef = 90319C642935FC1E000D01BE /* EMSilentModeTime+Helper.h */; };
		90319CB92935FC1E000D01BE /* EMPushOptions+Helper.m in Sources */ = {isa = PBXBuildFile; fileRef = 90319C652935FC1E000D01BE /* EMPushOptions+Helper.m */; };
		90319CBA2935FC1E000D01BE /* EMGroupMessageAck+Helper.m in Sources */ = {isa = PBXBuildFile; fileRef = 90319C662935FC1E000D01BE /* EMGroupMessageAck+Helper.m */; };
		90319CBB2935FC1E000D01BE /* EMTranslateLanguage+Helper.h in Headers */ = {isa = PBXBuildFile; fileRef = 90319C672935FC1E000D01BE /* EMTranslateLanguage+Helper.h */; };
		90319CBC2935FC1E000D01BE /* EMPresence+Helper.m in Sources */ = {isa = PBXBuildFile; fileRef = 90319C682935FC1E000D01BE /* EMPresence+Helper.m */; };
		90319CBD2935FC1E000D01BE /* EMCursorResult+Helper.h in Headers */ = {isa = PBXBuildFile; fileRef = 90319C692935FC1E000D01BE /* EMCursorResult+Helper.h */; };
		90319CBE2935FC1E000D01BE /* EMError+Helper.h in Headers */ = {isa = PBXBuildFile; fileRef = 90319C6A2935FC1E000D01BE /* EMError+Helper.h */; };
		90319CBF2935FC1E000D01BE /* EMSilentModeResult+Helper.h in Headers */ = {isa = PBXBuildFile; fileRef = 90319C6B2935FC1E000D01BE /* EMSilentModeResult+Helper.h */; };
		90319CC02935FC1E000D01BE /* EMOptions+Helper.m in Sources */ = {isa = PBXBuildFile; fileRef = 90319C6C2935FC1E000D01BE /* EMOptions+Helper.m */; };
		90319CC12935FC1E000D01BE /* EMDeviceConfig+Helper.h in Headers */ = {isa = PBXBuildFile; fileRef = 90319C6D2935FC1E000D01BE /* EMDeviceConfig+Helper.h */; };
		90319CC22935FC1E000D01BE /* EMConversation+Helper.m in Sources */ = {isa = PBXBuildFile; fileRef = 90319C6E2935FC1E000D01BE /* EMConversation+Helper.m */; };
		90319CC32935FC1E000D01BE /* EMChatThread+Helper.m in Sources */ = {isa = PBXBuildFile; fileRef = 90319C6F2935FC1E000D01BE /* EMChatThread+Helper.m */; };
		90319CC42935FC1E000D01BE /* EMMessageReaction+Helper.h in Headers */ = {isa = PBXBuildFile; fileRef = 90319C702935FC1E000D01BE /* EMMessageReaction+Helper.h */; };
		90319CC52935FC1E000D01BE /* EMSilentModeParam+Helper.h in Headers */ = {isa = PBXBuildFile; fileRef = 90319C712935FC1E000D01BE /* EMSilentModeParam+Helper.h */; };
		90319CC62935FC1E000D01BE /* EMPageResult+Helper.h in Headers */ = {isa = PBXBuildFile; fileRef = 90319C722935FC1E000D01BE /* EMPageResult+Helper.h */; };
		90319CC72935FC1E000D01BE /* EMChatThreadEvent+Helper.h in Headers */ = {isa = PBXBuildFile; fileRef = 90319C732935FC1E000D01BE /* EMChatThreadEvent+Helper.h */; };
		90319CC82935FC1E000D01BE /* EMUserInfo+Helper.h in Headers */ = {isa = PBXBuildFile; fileRef = 90319C742935FC1E000D01BE /* EMUserInfo+Helper.h */; };
		90319CC92935FC1E000D01BE /* EMChatMessage+Helper.m in Sources */ = {isa = PBXBuildFile; fileRef = 90319C752935FC1E000D01BE /* EMChatMessage+Helper.m */; };
		90319CCA2935FC1E000D01BE /* EMGroup+Helper.m in Sources */ = {isa = PBXBuildFile; fileRef = 90319C762935FC1E000D01BE /* EMGroup+Helper.m */; };
		90319CCB2935FC1E000D01BE /* EMError+Helper.m in Sources */ = {isa = PBXBuildFile; fileRef = 90319C772935FC1E000D01BE /* EMError+Helper.m */; };
		90319CCC2935FC1E000D01BE /* EMTranslateLanguage+Helper.m in Sources */ = {isa = PBXBuildFile; fileRef = 90319C782935FC1E000D01BE /* EMTranslateLanguage+Helper.m */; };
		90319CCD2935FC1E000D01BE /* EMPresence+Helper.h in Headers */ = {isa = PBXBuildFile; fileRef = 90319C792935FC1E000D01BE /* EMPresence+Helper.h */; };
		90319CCE2935FC1E000D01BE /* EMCursorResult+Helper.m in Sources */ = {isa = PBXBuildFile; fileRef = 90319C7A2935FC1E000D01BE /* EMCursorResult+Helper.m */; };
		90319CCF2935FC1E000D01BE /* EMGroupMessageAck+Helper.h in Headers */ = {isa = PBXBuildFile; fileRef = 90319C7B2935FC1E000D01BE /* EMGroupMessageAck+Helper.h */; };
		90319CD02935FC1E000D01BE /* EMPushOptions+Helper.h in Headers */ = {isa = PBXBuildFile; fileRef = 90319C7C2935FC1E000D01BE /* EMPushOptions+Helper.h */; };
		90319CD12935FC1E000D01BE /* EMSilentModeTime+Helper.m in Sources */ = {isa = PBXBuildFile; fileRef = 90319C7D2935FC1E000D01BE /* EMSilentModeTime+Helper.m */; };
		90319CD22935FC1E000D01BE /* EMMessageReactionChange+Helper.h in Headers */ = {isa = PBXBuildFile; fileRef = 90319C7E2935FC1E000D01BE /* EMMessageReactionChange+Helper.h */; };
		90319CD32935FC1E000D01BE /* EMWrapper.m in Sources */ = {isa = PBXBuildFile; fileRef = 90319C7F2935FC1E000D01BE /* EMWrapper.m */; };
		90319CD42935FC1E000D01BE /* EMWrapperHelper.m in Sources */ = {isa = PBXBuildFile; fileRef = 90319C802935FC1E000D01BE /* EMWrapperHelper.m */; };
		90319D1429373932000D01BE /* wrapper.h in Headers */ = {isa = PBXBuildFile; fileRef = 90319D132937392F000D01BE /* wrapper.h */; settings = {ATTRIBUTES = (Public, ); }; };
		9052DFA72A25D4BF00FB1FF2 /* EMFetchServerMessagesOption+Helper.h in Headers */ = {isa = PBXBuildFile; fileRef = 9052DFA52A25D4BF00FB1FF2 /* EMFetchServerMessagesOption+Helper.h */; };
		9052DFA82A25D4BF00FB1FF2 /* EMFetchServerMessagesOption+Helper.m in Sources */ = {isa = PBXBuildFile; fileRef = 9052DFA62A25D4BF00FB1FF2 /* EMFetchServerMessagesOption+Helper.m */; };
		9052DFAB2A25E78600FB1FF2 /* EMMessageReactionOperation+Helper.h in Headers */ = {isa = PBXBuildFile; fileRef = 9052DFA92A25E78600FB1FF2 /* EMMessageReactionOperation+Helper.h */; };
		9052DFAC2A25E78600FB1FF2 /* EMMessageReactionOperation+Helper.m in Sources */ = {isa = PBXBuildFile; fileRef = 9052DFAA2A25E78600FB1FF2 /* EMMessageReactionOperation+Helper.m */; };
		908CE3CC293D913600348C1A /* NSArray+Category.m in Sources */ = {isa = PBXBuildFile; fileRef = 908CE3C6293D913600348C1A /* NSArray+Category.m */; };
		908CE3CD293D913600348C1A /* NSDictionary+Category.h in Headers */ = {isa = PBXBuildFile; fileRef = 908CE3C7293D913600348C1A /* NSDictionary+Category.h */; settings = {ATTRIBUTES = (Public, ); }; };
		908CE3CF293D913600348C1A /* NSArray+Category.h in Headers */ = {isa = PBXBuildFile; fileRef = 908CE3C9293D913600348C1A /* NSArray+Category.h */; settings = {ATTRIBUTES = (Public, ); }; };
		908CE3D0293D913600348C1A /* NSDictionary+Category.m in Sources */ = {isa = PBXBuildFile; fileRef = 908CE3CA293D913600348C1A /* NSDictionary+Category.m */; };
		90ED2EB7295C0DDA00601727 /* DelegateTester.h in Headers */ = {isa = PBXBuildFile; fileRef = 90ED2EB5295C0DDA00601727 /* DelegateTester.h */; };
		90ED2EB8295C0DDA00601727 /* DelegateTester.m in Sources */ = {isa = PBXBuildFile; fileRef = 90ED2EB6295C0DDA00601727 /* DelegateTester.m */; };
/* End PBXBuildFile section */

/* Begin PBXContainerItemProxy section */
		9052100029669E0500072251 /* PBXContainerItemProxy */ = {
			isa = PBXContainerItemProxy;
			containerPortal = 90319C162935FBE3000D01BE /* Project object */;
			proxyType = 1;
			remoteGlobalIDString = 90520FFB29669DD200072251;
			remoteInfo = download_sdk;
		};
/* End PBXContainerItemProxy section */

/* Begin PBXFileReference section */
		4543E1C62BC2A23700429413 /* Mode.h */ = {isa = PBXFileReference; lastKnownFileType = sourcecode.c.h; path = Mode.h; sourceTree = "<group>"; };
		4543E1C72BC2A25000429413 /* Mode.m */ = {isa = PBXFileReference; lastKnownFileType = sourcecode.c.objc; path = Mode.m; sourceTree = "<group>"; };
		4578AED22BC2452500DE8EB3 /* EMMessagePinInfo+Helper.h */ = {isa = PBXFileReference; lastKnownFileType = sourcecode.c.h; path = "EMMessagePinInfo+Helper.h"; sourceTree = "<group>"; };
		4578AED42BC2467B00DE8EB3 /* EMMessagePinInfo+Helper.m */ = {isa = PBXFileReference; lastKnownFileType = sourcecode.c.objc; path = "EMMessagePinInfo+Helper.m"; sourceTree = "<group>"; };
		4597E80D2B875DBF00D70B6D /* EMContact+Helper.h */ = {isa = PBXFileReference; lastKnownFileType = sourcecode.c.h; path = "EMContact+Helper.h"; sourceTree = "<group>"; };
		4597E80E2B875E1200D70B6D /* EMContact+Helper.m */ = {isa = PBXFileReference; lastKnownFileType = sourcecode.c.objc; path = "EMContact+Helper.m"; sourceTree = "<group>"; };
		45C0A2042C09C2C100D4833E /* EMRecallMessageInfo+Helper.h */ = {isa = PBXFileReference; lastKnownFileType = sourcecode.c.h; path = "EMRecallMessageInfo+Helper.h"; sourceTree = "<group>"; };
		45C0A2062C09C33D00D4833E /* EMRecallMessageInfo+Helper.m */ = {isa = PBXFileReference; lastKnownFileType = sourcecode.c.objc; path = "EMRecallMessageInfo+Helper.m"; sourceTree = "<group>"; };
		90319C1F2935FBE3000D01BE /* wrapper.framework */ = {isa = PBXFileReference; explicitFileType = wrapper.framework; includeInIndex = 0; path = wrapper.framework; sourceTree = BUILT_PRODUCTS_DIR; };
		90319C2A2935FC1E000D01BE /* EMMessageManager.m */ = {isa = PBXFileReference; fileEncoding = 4; lastKnownFileType = sourcecode.c.objc; path = EMMessageManager.m; sourceTree = "<group>"; };
		90319C2B2935FC1E000D01BE /* EMChatroom+Helper.m */ = {isa = PBXFileReference; fileEncoding = 4; lastKnownFileType = sourcecode.c.objc; path = "EMChatroom+Helper.m"; sourceTree = "<group>"; };
		90319C2C2935FC1E000D01BE /* EMUserInfoManagerWrapper.h */ = {isa = PBXFileReference; fileEncoding = 4; lastKnownFileType = sourcecode.c.h; path = EMUserInfoManagerWrapper.h; sourceTree = "<group>"; };
		90319C2D2935FC1E000D01BE /* EMBaseManager.h */ = {isa = PBXFileReference; fileEncoding = 4; lastKnownFileType = sourcecode.c.h; path = EMBaseManager.h; sourceTree = "<group>"; };
		90319C2E2935FC1E000D01BE /* EMPushManagerWrapper.m */ = {isa = PBXFileReference; fileEncoding = 4; lastKnownFileType = sourcecode.c.objc; path = EMPushManagerWrapper.m; sourceTree = "<group>"; };
		90319C2F2935FC1E000D01BE /* EMPresenceManagerWrapper.m */ = {isa = PBXFileReference; fileEncoding = 4; lastKnownFileType = sourcecode.c.objc; path = EMPresenceManagerWrapper.m; sourceTree = "<group>"; };
		90319C302935FC1E000D01BE /* EMChatManagerWrapper.m */ = {isa = PBXFileReference; fileEncoding = 4; lastKnownFileType = sourcecode.c.objc; path = EMChatManagerWrapper.m; sourceTree = "<group>"; };
		90319C312935FC1E000D01BE /* EMConversationWrapper.h */ = {isa = PBXFileReference; fileEncoding = 4; lastKnownFileType = sourcecode.c.h; path = EMConversationWrapper.h; sourceTree = "<group>"; };
		90319C322935FC1E000D01BE /* EMClientWrapper.h */ = {isa = PBXFileReference; fileEncoding = 4; lastKnownFileType = sourcecode.c.h; path = EMClientWrapper.h; sourceTree = "<group>"; };
		90319C332935FC1E000D01BE /* EMRoomManagerWrapper.h */ = {isa = PBXFileReference; fileEncoding = 4; lastKnownFileType = sourcecode.c.h; path = EMRoomManagerWrapper.h; sourceTree = "<group>"; };
		90319C342935FC1E000D01BE /* EMChatThreadManagerWrapper.m */ = {isa = PBXFileReference; fileEncoding = 4; lastKnownFileType = sourcecode.c.objc; path = EMChatThreadManagerWrapper.m; sourceTree = "<group>"; };
		90319C352935FC1E000D01BE /* EMContactManagerWrapper.m */ = {isa = PBXFileReference; fileEncoding = 4; lastKnownFileType = sourcecode.c.objc; path = EMContactManagerWrapper.m; sourceTree = "<group>"; };
		90319C362935FC1E000D01BE /* EMGroupManagerWrapper.h */ = {isa = PBXFileReference; fileEncoding = 4; lastKnownFileType = sourcecode.c.h; path = EMGroupManagerWrapper.h; sourceTree = "<group>"; };
		90319C372935FC1E000D01BE /* EMPushManagerWrapper.h */ = {isa = PBXFileReference; fileEncoding = 4; lastKnownFileType = sourcecode.c.h; path = EMPushManagerWrapper.h; sourceTree = "<group>"; };
		90319C382935FC1E000D01BE /* EMBaseManager.m */ = {isa = PBXFileReference; fileEncoding = 4; lastKnownFileType = sourcecode.c.objc; path = EMBaseManager.m; sourceTree = "<group>"; };
		90319C392935FC1E000D01BE /* EMUserInfoManagerWrapper.m */ = {isa = PBXFileReference; fileEncoding = 4; lastKnownFileType = sourcecode.c.objc; path = EMUserInfoManagerWrapper.m; sourceTree = "<group>"; };
		90319C3A2935FC1E000D01BE /* EMChatroom+Helper.h */ = {isa = PBXFileReference; fileEncoding = 4; lastKnownFileType = sourcecode.c.h; path = "EMChatroom+Helper.h"; sourceTree = "<group>"; };
		90319C3B2935FC1E000D01BE /* EMMessageManager.h */ = {isa = PBXFileReference; fileEncoding = 4; lastKnownFileType = sourcecode.c.h; path = EMMessageManager.h; sourceTree = "<group>"; };
		90319C3C2935FC1E000D01BE /* EMChatManagerWrapper.h */ = {isa = PBXFileReference; fileEncoding = 4; lastKnownFileType = sourcecode.c.h; path = EMChatManagerWrapper.h; sourceTree = "<group>"; };
		90319C3D2935FC1E000D01BE /* EMPresenceManagerWrapper.h */ = {isa = PBXFileReference; fileEncoding = 4; lastKnownFileType = sourcecode.c.h; path = EMPresenceManagerWrapper.h; sourceTree = "<group>"; };
		90319C3E2935FC1E000D01BE /* EMRoomManagerWrapper.m */ = {isa = PBXFileReference; fileEncoding = 4; lastKnownFileType = sourcecode.c.objc; path = EMRoomManagerWrapper.m; sourceTree = "<group>"; };
		90319C3F2935FC1E000D01BE /* EMClientWrapper.m */ = {isa = PBXFileReference; fileEncoding = 4; lastKnownFileType = sourcecode.c.objc; path = EMClientWrapper.m; sourceTree = "<group>"; };
		90319C402935FC1E000D01BE /* EMConversationWrapper.m */ = {isa = PBXFileReference; fileEncoding = 4; lastKnownFileType = sourcecode.c.objc; path = EMConversationWrapper.m; sourceTree = "<group>"; };
		90319C412935FC1E000D01BE /* EMGroupManagerWrapper.m */ = {isa = PBXFileReference; fileEncoding = 4; lastKnownFileType = sourcecode.c.objc; path = EMGroupManagerWrapper.m; sourceTree = "<group>"; };
		90319C422935FC1E000D01BE /* EMContactManagerWrapper.h */ = {isa = PBXFileReference; fileEncoding = 4; lastKnownFileType = sourcecode.c.h; path = EMContactManagerWrapper.h; sourceTree = "<group>"; };
		90319C432935FC1E000D01BE /* EMChatThreadManagerWrapper.h */ = {isa = PBXFileReference; fileEncoding = 4; lastKnownFileType = sourcecode.c.h; path = EMChatThreadManagerWrapper.h; sourceTree = "<group>"; };
		90319C442935FC1E000D01BE /* EMWrapperHelper.h */ = {isa = PBXFileReference; fileEncoding = 4; lastKnownFileType = sourcecode.c.h; path = EMWrapperHelper.h; sourceTree = "<group>"; };
		90319C452935FC1E000D01BE /* EMWrapper.h */ = {isa = PBXFileReference; fileEncoding = 4; lastKnownFileType = sourcecode.c.h; path = EMWrapper.h; sourceTree = "<group>"; };
		90319C472935FC1E000D01BE /* EMSDKMethod.h */ = {isa = PBXFileReference; fileEncoding = 4; lastKnownFileType = sourcecode.c.h; path = EMSDKMethod.h; sourceTree = "<group>"; };
		90319C492935FC1E000D01BE /* EMThreadQueue.m */ = {isa = PBXFileReference; fileEncoding = 4; lastKnownFileType = sourcecode.c.objc; path = EMThreadQueue.m; sourceTree = "<group>"; };
		90319C4A2935FC1E000D01BE /* EMHelper.h */ = {isa = PBXFileReference; fileEncoding = 4; lastKnownFileType = sourcecode.c.h; path = EMHelper.h; sourceTree = "<group>"; };
		90319C4B2935FC1E000D01BE /* EMUtil.h */ = {isa = PBXFileReference; fileEncoding = 4; lastKnownFileType = sourcecode.c.h; path = EMUtil.h; sourceTree = "<group>"; };
		90319C4D2935FC1E000D01BE /* EMThreadQueue.h */ = {isa = PBXFileReference; fileEncoding = 4; lastKnownFileType = sourcecode.c.h; path = EMThreadQueue.h; sourceTree = "<group>"; };
		90319C502935FC1E000D01BE /* EMHelper.m */ = {isa = PBXFileReference; fileEncoding = 4; lastKnownFileType = sourcecode.c.objc; path = EMHelper.m; sourceTree = "<group>"; };
		90319C512935FC1E000D01BE /* EMWrapperListener.h */ = {isa = PBXFileReference; fileEncoding = 4; lastKnownFileType = sourcecode.c.h; path = EMWrapperListener.h; sourceTree = "<group>"; };
		90319C532935FC1E000D01BE /* EMWrapperCallback.m */ = {isa = PBXFileReference; fileEncoding = 4; lastKnownFileType = sourcecode.c.objc; path = EMWrapperCallback.m; sourceTree = "<group>"; };
		90319C542935FC1E000D01BE /* EMWrapperCallback.h */ = {isa = PBXFileReference; fileEncoding = 4; lastKnownFileType = sourcecode.c.h; path = EMWrapperCallback.h; sourceTree = "<group>"; };
		90319C562935FC1E000D01BE /* EMConversation+Helper.h */ = {isa = PBXFileReference; fileEncoding = 4; lastKnownFileType = sourcecode.c.h; path = "EMConversation+Helper.h"; sourceTree = "<group>"; };
		90319C572935FC1E000D01BE /* EMDeviceConfig+Helper.m */ = {isa = PBXFileReference; fileEncoding = 4; lastKnownFileType = sourcecode.c.objc; path = "EMDeviceConfig+Helper.m"; sourceTree = "<group>"; };
		90319C582935FC1E000D01BE /* EMOptions+Helper.h */ = {isa = PBXFileReference; fileEncoding = 4; lastKnownFileType = sourcecode.c.h; path = "EMOptions+Helper.h"; sourceTree = "<group>"; };
		90319C592935FC1E000D01BE /* EaseModeToJson.h */ = {isa = PBXFileReference; fileEncoding = 4; lastKnownFileType = sourcecode.c.h; path = EaseModeToJson.h; sourceTree = "<group>"; };
		90319C5A2935FC1E000D01BE /* EMSilentModeResult+Helper.m */ = {isa = PBXFileReference; fileEncoding = 4; lastKnownFileType = sourcecode.c.objc; path = "EMSilentModeResult+Helper.m"; sourceTree = "<group>"; };
		90319C5B2935FC1E000D01BE /* EMChatThreadEvent+Helper.m */ = {isa = PBXFileReference; fileEncoding = 4; lastKnownFileType = sourcecode.c.objc; path = "EMChatThreadEvent+Helper.m"; sourceTree = "<group>"; };
		90319C5C2935FC1E000D01BE /* EMPageResult+Helper.m */ = {isa = PBXFileReference; fileEncoding = 4; lastKnownFileType = sourcecode.c.objc; path = "EMPageResult+Helper.m"; sourceTree = "<group>"; };
		90319C5D2935FC1E000D01BE /* EMSilentModeParam+Helper.m */ = {isa = PBXFileReference; fileEncoding = 4; lastKnownFileType = sourcecode.c.objc; path = "EMSilentModeParam+Helper.m"; sourceTree = "<group>"; };
		90319C5E2935FC1E000D01BE /* EMMessageReaction+Helper.m */ = {isa = PBXFileReference; fileEncoding = 4; lastKnownFileType = sourcecode.c.objc; path = "EMMessageReaction+Helper.m"; sourceTree = "<group>"; };
		90319C5F2935FC1E000D01BE /* EMChatThread+Helper.h */ = {isa = PBXFileReference; fileEncoding = 4; lastKnownFileType = sourcecode.c.h; path = "EMChatThread+Helper.h"; sourceTree = "<group>"; };
		90319C602935FC1E000D01BE /* EMUserInfo+Helper.m */ = {isa = PBXFileReference; fileEncoding = 4; lastKnownFileType = sourcecode.c.objc; path = "EMUserInfo+Helper.m"; sourceTree = "<group>"; };
		90319C612935FC1E000D01BE /* EMGroup+Helper.h */ = {isa = PBXFileReference; fileEncoding = 4; lastKnownFileType = sourcecode.c.h; path = "EMGroup+Helper.h"; sourceTree = "<group>"; };
		90319C622935FC1E000D01BE /* EMChatMessage+Helper.h */ = {isa = PBXFileReference; fileEncoding = 4; lastKnownFileType = sourcecode.c.h; path = "EMChatMessage+Helper.h"; sourceTree = "<group>"; };
		90319C632935FC1E000D01BE /* EMMessageReactionChange+Helper.m */ = {isa = PBXFileReference; fileEncoding = 4; lastKnownFileType = sourcecode.c.objc; path = "EMMessageReactionChange+Helper.m"; sourceTree = "<group>"; };
		90319C642935FC1E000D01BE /* EMSilentModeTime+Helper.h */ = {isa = PBXFileReference; fileEncoding = 4; lastKnownFileType = sourcecode.c.h; path = "EMSilentModeTime+Helper.h"; sourceTree = "<group>"; };
		90319C652935FC1E000D01BE /* EMPushOptions+Helper.m */ = {isa = PBXFileReference; fileEncoding = 4; lastKnownFileType = sourcecode.c.objc; path = "EMPushOptions+Helper.m"; sourceTree = "<group>"; };
		90319C662935FC1E000D01BE /* EMGroupMessageAck+Helper.m */ = {isa = PBXFileReference; fileEncoding = 4; lastKnownFileType = sourcecode.c.objc; path = "EMGroupMessageAck+Helper.m"; sourceTree = "<group>"; };
		90319C672935FC1E000D01BE /* EMTranslateLanguage+Helper.h */ = {isa = PBXFileReference; fileEncoding = 4; lastKnownFileType = sourcecode.c.h; path = "EMTranslateLanguage+Helper.h"; sourceTree = "<group>"; };
		90319C682935FC1E000D01BE /* EMPresence+Helper.m */ = {isa = PBXFileReference; fileEncoding = 4; lastKnownFileType = sourcecode.c.objc; path = "EMPresence+Helper.m"; sourceTree = "<group>"; };
		90319C692935FC1E000D01BE /* EMCursorResult+Helper.h */ = {isa = PBXFileReference; fileEncoding = 4; lastKnownFileType = sourcecode.c.h; path = "EMCursorResult+Helper.h"; sourceTree = "<group>"; };
		90319C6A2935FC1E000D01BE /* EMError+Helper.h */ = {isa = PBXFileReference; fileEncoding = 4; lastKnownFileType = sourcecode.c.h; path = "EMError+Helper.h"; sourceTree = "<group>"; };
		90319C6B2935FC1E000D01BE /* EMSilentModeResult+Helper.h */ = {isa = PBXFileReference; fileEncoding = 4; lastKnownFileType = sourcecode.c.h; path = "EMSilentModeResult+Helper.h"; sourceTree = "<group>"; };
		90319C6C2935FC1E000D01BE /* EMOptions+Helper.m */ = {isa = PBXFileReference; fileEncoding = 4; lastKnownFileType = sourcecode.c.objc; path = "EMOptions+Helper.m"; sourceTree = "<group>"; };
		90319C6D2935FC1E000D01BE /* EMDeviceConfig+Helper.h */ = {isa = PBXFileReference; fileEncoding = 4; lastKnownFileType = sourcecode.c.h; path = "EMDeviceConfig+Helper.h"; sourceTree = "<group>"; };
		90319C6E2935FC1E000D01BE /* EMConversation+Helper.m */ = {isa = PBXFileReference; fileEncoding = 4; lastKnownFileType = sourcecode.c.objc; path = "EMConversation+Helper.m"; sourceTree = "<group>"; };
		90319C6F2935FC1E000D01BE /* EMChatThread+Helper.m */ = {isa = PBXFileReference; fileEncoding = 4; lastKnownFileType = sourcecode.c.objc; path = "EMChatThread+Helper.m"; sourceTree = "<group>"; };
		90319C702935FC1E000D01BE /* EMMessageReaction+Helper.h */ = {isa = PBXFileReference; fileEncoding = 4; lastKnownFileType = sourcecode.c.h; path = "EMMessageReaction+Helper.h"; sourceTree = "<group>"; };
		90319C712935FC1E000D01BE /* EMSilentModeParam+Helper.h */ = {isa = PBXFileReference; fileEncoding = 4; lastKnownFileType = sourcecode.c.h; path = "EMSilentModeParam+Helper.h"; sourceTree = "<group>"; };
		90319C722935FC1E000D01BE /* EMPageResult+Helper.h */ = {isa = PBXFileReference; fileEncoding = 4; lastKnownFileType = sourcecode.c.h; path = "EMPageResult+Helper.h"; sourceTree = "<group>"; };
		90319C732935FC1E000D01BE /* EMChatThreadEvent+Helper.h */ = {isa = PBXFileReference; fileEncoding = 4; lastKnownFileType = sourcecode.c.h; path = "EMChatThreadEvent+Helper.h"; sourceTree = "<group>"; };
		90319C742935FC1E000D01BE /* EMUserInfo+Helper.h */ = {isa = PBXFileReference; fileEncoding = 4; lastKnownFileType = sourcecode.c.h; path = "EMUserInfo+Helper.h"; sourceTree = "<group>"; };
		90319C752935FC1E000D01BE /* EMChatMessage+Helper.m */ = {isa = PBXFileReference; fileEncoding = 4; lastKnownFileType = sourcecode.c.objc; path = "EMChatMessage+Helper.m"; sourceTree = "<group>"; };
		90319C762935FC1E000D01BE /* EMGroup+Helper.m */ = {isa = PBXFileReference; fileEncoding = 4; lastKnownFileType = sourcecode.c.objc; path = "EMGroup+Helper.m"; sourceTree = "<group>"; };
		90319C772935FC1E000D01BE /* EMError+Helper.m */ = {isa = PBXFileReference; fileEncoding = 4; lastKnownFileType = sourcecode.c.objc; path = "EMError+Helper.m"; sourceTree = "<group>"; };
		90319C782935FC1E000D01BE /* EMTranslateLanguage+Helper.m */ = {isa = PBXFileReference; fileEncoding = 4; lastKnownFileType = sourcecode.c.objc; path = "EMTranslateLanguage+Helper.m"; sourceTree = "<group>"; };
		90319C792935FC1E000D01BE /* EMPresence+Helper.h */ = {isa = PBXFileReference; fileEncoding = 4; lastKnownFileType = sourcecode.c.h; path = "EMPresence+Helper.h"; sourceTree = "<group>"; };
		90319C7A2935FC1E000D01BE /* EMCursorResult+Helper.m */ = {isa = PBXFileReference; fileEncoding = 4; lastKnownFileType = sourcecode.c.objc; path = "EMCursorResult+Helper.m"; sourceTree = "<group>"; };
		90319C7B2935FC1E000D01BE /* EMGroupMessageAck+Helper.h */ = {isa = PBXFileReference; fileEncoding = 4; lastKnownFileType = sourcecode.c.h; path = "EMGroupMessageAck+Helper.h"; sourceTree = "<group>"; };
		90319C7C2935FC1E000D01BE /* EMPushOptions+Helper.h */ = {isa = PBXFileReference; fileEncoding = 4; lastKnownFileType = sourcecode.c.h; path = "EMPushOptions+Helper.h"; sourceTree = "<group>"; };
		90319C7D2935FC1E000D01BE /* EMSilentModeTime+Helper.m */ = {isa = PBXFileReference; fileEncoding = 4; lastKnownFileType = sourcecode.c.objc; path = "EMSilentModeTime+Helper.m"; sourceTree = "<group>"; };
		90319C7E2935FC1E000D01BE /* EMMessageReactionChange+Helper.h */ = {isa = PBXFileReference; fileEncoding = 4; lastKnownFileType = sourcecode.c.h; path = "EMMessageReactionChange+Helper.h"; sourceTree = "<group>"; };
		90319C7F2935FC1E000D01BE /* EMWrapper.m */ = {isa = PBXFileReference; fileEncoding = 4; lastKnownFileType = sourcecode.c.objc; path = EMWrapper.m; sourceTree = "<group>"; };
		90319C802935FC1E000D01BE /* EMWrapperHelper.m */ = {isa = PBXFileReference; fileEncoding = 4; lastKnownFileType = sourcecode.c.objc; path = EMWrapperHelper.m; sourceTree = "<group>"; };
		90319D0D29360033000D01BE /* HyphenateChat.framework */ = {isa = PBXFileReference; lastKnownFileType = wrapper.framework; name = HyphenateChat.framework; path = ../HyphenateChat.framework; sourceTree = "<group>"; };
		90319D132937392F000D01BE /* wrapper.h */ = {isa = PBXFileReference; lastKnownFileType = sourcecode.c.h; path = wrapper.h; sourceTree = "<group>"; };
		9050E16C2A8DC85900D95DF3 /* ActivityKit.framework */ = {isa = PBXFileReference; lastKnownFileType = wrapper.framework; name = ActivityKit.framework; path = System/Library/Frameworks/ActivityKit.framework; sourceTree = SDKROOT; };
		9052DFA52A25D4BF00FB1FF2 /* EMFetchServerMessagesOption+Helper.h */ = {isa = PBXFileReference; lastKnownFileType = sourcecode.c.h; path = "EMFetchServerMessagesOption+Helper.h"; sourceTree = "<group>"; };
		9052DFA62A25D4BF00FB1FF2 /* EMFetchServerMessagesOption+Helper.m */ = {isa = PBXFileReference; lastKnownFileType = sourcecode.c.objc; path = "EMFetchServerMessagesOption+Helper.m"; sourceTree = "<group>"; };
		9052DFA92A25E78600FB1FF2 /* EMMessageReactionOperation+Helper.h */ = {isa = PBXFileReference; lastKnownFileType = sourcecode.c.h; path = "EMMessageReactionOperation+Helper.h"; sourceTree = "<group>"; };
		9052DFAA2A25E78600FB1FF2 /* EMMessageReactionOperation+Helper.m */ = {isa = PBXFileReference; lastKnownFileType = sourcecode.c.objc; path = "EMMessageReactionOperation+Helper.m"; sourceTree = "<group>"; };
		908CE3C6293D913600348C1A /* NSArray+Category.m */ = {isa = PBXFileReference; fileEncoding = 4; lastKnownFileType = sourcecode.c.objc; path = "NSArray+Category.m"; sourceTree = "<group>"; };
		908CE3C7293D913600348C1A /* NSDictionary+Category.h */ = {isa = PBXFileReference; fileEncoding = 4; lastKnownFileType = sourcecode.c.h; path = "NSDictionary+Category.h"; sourceTree = "<group>"; };
		908CE3C9293D913600348C1A /* NSArray+Category.h */ = {isa = PBXFileReference; fileEncoding = 4; lastKnownFileType = sourcecode.c.h; path = "NSArray+Category.h"; sourceTree = "<group>"; };
		908CE3CA293D913600348C1A /* NSDictionary+Category.m */ = {isa = PBXFileReference; fileEncoding = 4; lastKnownFileType = sourcecode.c.objc; path = "NSDictionary+Category.m"; sourceTree = "<group>"; };
		90ED2EB5295C0DDA00601727 /* DelegateTester.h */ = {isa = PBXFileReference; lastKnownFileType = sourcecode.c.h; path = DelegateTester.h; sourceTree = "<group>"; };
		90ED2EB6295C0DDA00601727 /* DelegateTester.m */ = {isa = PBXFileReference; lastKnownFileType = sourcecode.c.objc; path = DelegateTester.m; sourceTree = "<group>"; };
/* End PBXFileReference section */

/* Begin PBXFrameworksBuildPhase section */
		90319C1C2935FBE3000D01BE /* Frameworks */ = {
			isa = PBXFrameworksBuildPhase;
			buildActionMask = 2147483647;
			files = (
				45C0A2032C09A9EE00D4833E /* HyphenateChat.framework in Frameworks */,
			);
			runOnlyForDeploymentPostprocessing = 0;
		};
/* End PBXFrameworksBuildPhase section */

/* Begin PBXGroup section */
		90319C152935FBE3000D01BE = {
			isa = PBXGroup;
			children = (
				90319C212935FBE3000D01BE /* wrapper */,
				90319C202935FBE3000D01BE /* Products */,
				90319D022935FD2F000D01BE /* Frameworks */,
			);
			sourceTree = "<group>";
		};
		90319C202935FBE3000D01BE /* Products */ = {
			isa = PBXGroup;
			children = (
				90319C1F2935FBE3000D01BE /* wrapper.framework */,
			);
			name = Products;
			sourceTree = "<group>";
		};
		90319C212935FBE3000D01BE /* wrapper */ = {
			isa = PBXGroup;
			children = (
				908CE3C4293D913600348C1A /* category */,
				90319C522935FC1E000D01BE /* callback */,
				90319C452935FC1E000D01BE /* EMWrapper.h */,
				90319C7F2935FC1E000D01BE /* EMWrapper.m */,
				90319C442935FC1E000D01BE /* EMWrapperHelper.h */,
				90319C802935FC1E000D01BE /* EMWrapperHelper.m */,
				90319C512935FC1E000D01BE /* EMWrapperListener.h */,
				90319C552935FC1E000D01BE /* helper */,
				90319C292935FC1E000D01BE /* managers */,
				90319C462935FC1E000D01BE /* util */,
				90319D132937392F000D01BE /* wrapper.h */,
			);
			path = wrapper;
			sourceTree = "<group>";
		};
		90319C292935FC1E000D01BE /* managers */ = {
			isa = PBXGroup;
			children = (
				90319C2D2935FC1E000D01BE /* EMBaseManager.h */,
				90319C382935FC1E000D01BE /* EMBaseManager.m */,
				90319C3C2935FC1E000D01BE /* EMChatManagerWrapper.h */,
				90319C302935FC1E000D01BE /* EMChatManagerWrapper.m */,
				90319C432935FC1E000D01BE /* EMChatThreadManagerWrapper.h */,
				90319C342935FC1E000D01BE /* EMChatThreadManagerWrapper.m */,
				90319C322935FC1E000D01BE /* EMClientWrapper.h */,
				90319C3F2935FC1E000D01BE /* EMClientWrapper.m */,
				90319C422935FC1E000D01BE /* EMContactManagerWrapper.h */,
				90319C352935FC1E000D01BE /* EMContactManagerWrapper.m */,
				90319C312935FC1E000D01BE /* EMConversationWrapper.h */,
				90319C402935FC1E000D01BE /* EMConversationWrapper.m */,
				90319C362935FC1E000D01BE /* EMGroupManagerWrapper.h */,
				90319C412935FC1E000D01BE /* EMGroupManagerWrapper.m */,
				90319C3B2935FC1E000D01BE /* EMMessageManager.h */,
				90319C2A2935FC1E000D01BE /* EMMessageManager.m */,
				90319C3D2935FC1E000D01BE /* EMPresenceManagerWrapper.h */,
				90319C2F2935FC1E000D01BE /* EMPresenceManagerWrapper.m */,
				90319C372935FC1E000D01BE /* EMPushManagerWrapper.h */,
				90319C2E2935FC1E000D01BE /* EMPushManagerWrapper.m */,
				90319C332935FC1E000D01BE /* EMRoomManagerWrapper.h */,
				90319C3E2935FC1E000D01BE /* EMRoomManagerWrapper.m */,
				90319C2C2935FC1E000D01BE /* EMUserInfoManagerWrapper.h */,
				90319C392935FC1E000D01BE /* EMUserInfoManagerWrapper.m */,
			);
			path = managers;
			sourceTree = "<group>";
		};
		90319C462935FC1E000D01BE /* util */ = {
			isa = PBXGroup;
			children = (
				90319C472935FC1E000D01BE /* EMSDKMethod.h */,
				90319C4D2935FC1E000D01BE /* EMThreadQueue.h */,
				90319C492935FC1E000D01BE /* EMThreadQueue.m */,
				90319C4A2935FC1E000D01BE /* EMHelper.h */,
				90319C502935FC1E000D01BE /* EMHelper.m */,
				90319C4B2935FC1E000D01BE /* EMUtil.h */,
				90ED2EB5295C0DDA00601727 /* DelegateTester.h */,
				90ED2EB6295C0DDA00601727 /* DelegateTester.m */,
			);
			path = util;
			sourceTree = "<group>";
		};
		90319C522935FC1E000D01BE /* callback */ = {
			isa = PBXGroup;
			children = (
				90319C542935FC1E000D01BE /* EMWrapperCallback.h */,
				90319C532935FC1E000D01BE /* EMWrapperCallback.m */,
			);
			path = callback;
			sourceTree = "<group>";
		};
		90319C552935FC1E000D01BE /* helper */ = {
			isa = PBXGroup;
			children = (
				90319C592935FC1E000D01BE /* EaseModeToJson.h */,
				90319C622935FC1E000D01BE /* EMChatMessage+Helper.h */,
				90319C752935FC1E000D01BE /* EMChatMessage+Helper.m */,
				90319C3A2935FC1E000D01BE /* EMChatroom+Helper.h */,
				90319C2B2935FC1E000D01BE /* EMChatroom+Helper.m */,
				90319C5F2935FC1E000D01BE /* EMChatThread+Helper.h */,
				90319C6F2935FC1E000D01BE /* EMChatThread+Helper.m */,
				90319C732935FC1E000D01BE /* EMChatThreadEvent+Helper.h */,
				90319C5B2935FC1E000D01BE /* EMChatThreadEvent+Helper.m */,
				4597E80D2B875DBF00D70B6D /* EMContact+Helper.h */,
				4597E80E2B875E1200D70B6D /* EMContact+Helper.m */,
				90319C562935FC1E000D01BE /* EMConversation+Helper.h */,
				90319C6E2935FC1E000D01BE /* EMConversation+Helper.m */,
				90319C692935FC1E000D01BE /* EMCursorResult+Helper.h */,
				90319C7A2935FC1E000D01BE /* EMCursorResult+Helper.m */,
				90319C6D2935FC1E000D01BE /* EMDeviceConfig+Helper.h */,
				90319C572935FC1E000D01BE /* EMDeviceConfig+Helper.m */,
				90319C6A2935FC1E000D01BE /* EMError+Helper.h */,
				90319C772935FC1E000D01BE /* EMError+Helper.m */,
				9052DFA52A25D4BF00FB1FF2 /* EMFetchServerMessagesOption+Helper.h */,
				9052DFA62A25D4BF00FB1FF2 /* EMFetchServerMessagesOption+Helper.m */,
				90319C612935FC1E000D01BE /* EMGroup+Helper.h */,
				90319C762935FC1E000D01BE /* EMGroup+Helper.m */,
				90319C7B2935FC1E000D01BE /* EMGroupMessageAck+Helper.h */,
				90319C662935FC1E000D01BE /* EMGroupMessageAck+Helper.m */,
				90319C702935FC1E000D01BE /* EMMessageReaction+Helper.h */,
				90319C5E2935FC1E000D01BE /* EMMessageReaction+Helper.m */,
				90319C7E2935FC1E000D01BE /* EMMessageReactionChange+Helper.h */,
				90319C632935FC1E000D01BE /* EMMessageReactionChange+Helper.m */,
				9052DFA92A25E78600FB1FF2 /* EMMessageReactionOperation+Helper.h */,
				9052DFAA2A25E78600FB1FF2 /* EMMessageReactionOperation+Helper.m */,
				90319C582935FC1E000D01BE /* EMOptions+Helper.h */,
				90319C6C2935FC1E000D01BE /* EMOptions+Helper.m */,
				90319C722935FC1E000D01BE /* EMPageResult+Helper.h */,
				90319C5C2935FC1E000D01BE /* EMPageResult+Helper.m */,
				90319C792935FC1E000D01BE /* EMPresence+Helper.h */,
				90319C682935FC1E000D01BE /* EMPresence+Helper.m */,
				90319C7C2935FC1E000D01BE /* EMPushOptions+Helper.h */,
				90319C652935FC1E000D01BE /* EMPushOptions+Helper.m */,
				90319C712935FC1E000D01BE /* EMSilentModeParam+Helper.h */,
				90319C5D2935FC1E000D01BE /* EMSilentModeParam+Helper.m */,
				90319C6B2935FC1E000D01BE /* EMSilentModeResult+Helper.h */,
				90319C5A2935FC1E000D01BE /* EMSilentModeResult+Helper.m */,
				90319C642935FC1E000D01BE /* EMSilentModeTime+Helper.h */,
				90319C7D2935FC1E000D01BE /* EMSilentModeTime+Helper.m */,
				90319C672935FC1E000D01BE /* EMTranslateLanguage+Helper.h */,
				90319C782935FC1E000D01BE /* EMTranslateLanguage+Helper.m */,
				90319C742935FC1E000D01BE /* EMUserInfo+Helper.h */,
				90319C602935FC1E000D01BE /* EMUserInfo+Helper.m */,
				4578AED22BC2452500DE8EB3 /* EMMessagePinInfo+Helper.h */,
				4578AED42BC2467B00DE8EB3 /* EMMessagePinInfo+Helper.m */,
				4543E1C62BC2A23700429413 /* Mode.h */,
				4543E1C72BC2A25000429413 /* Mode.m */,
				45C0A2042C09C2C100D4833E /* EMRecallMessageInfo+Helper.h */,
				45C0A2062C09C33D00D4833E /* EMRecallMessageInfo+Helper.m */,
			);
			path = helper;
			sourceTree = "<group>";
		};
		90319D022935FD2F000D01BE /* Frameworks */ = {
			isa = PBXGroup;
			children = (
				9050E16C2A8DC85900D95DF3 /* ActivityKit.framework */,
				90319D0D29360033000D01BE /* HyphenateChat.framework */,
			);
			name = Frameworks;
			sourceTree = "<group>";
		};
		908CE3C4293D913600348C1A /* category */ = {
			isa = PBXGroup;
			children = (
				908CE3C7293D913600348C1A /* NSDictionary+Category.h */,
				908CE3CA293D913600348C1A /* NSDictionary+Category.m */,
				908CE3C9293D913600348C1A /* NSArray+Category.h */,
				908CE3C6293D913600348C1A /* NSArray+Category.m */,
			);
			path = category;
			sourceTree = "<group>";
		};
/* End PBXGroup section */

/* Begin PBXHeadersBuildPhase section */
		90319C1A2935FBE3000D01BE /* Headers */ = {
			isa = PBXHeadersBuildPhase;
			buildActionMask = 2147483647;
			files = (
				90319C9C2935FC1E000D01BE /* EMWrapper.h in Headers */,
				90319CBE2935FC1E000D01BE /* EMError+Helper.h in Headers */,
				90319CA02935FC1E000D01BE /* EMHelper.h in Headers */,
				90319C932935FC1E000D01BE /* EMChatManagerWrapper.h in Headers */,
				90319C992935FC1E000D01BE /* EMContactManagerWrapper.h in Headers */,
				90319CB62935FC1E000D01BE /* EMChatMessage+Helper.h in Headers */,
				90319CD22935FC1E000D01BE /* EMMessageReactionChange+Helper.h in Headers */,
				90319CA32935FC1E000D01BE /* EMThreadQueue.h in Headers */,
				90319CBB2935FC1E000D01BE /* EMTranslateLanguage+Helper.h in Headers */,
				9052DFAB2A25E78600FB1FF2 /* EMMessageReactionOperation+Helper.h in Headers */,
				90319CBD2935FC1E000D01BE /* EMCursorResult+Helper.h in Headers */,
				90ED2EB7295C0DDA00601727 /* DelegateTester.h in Headers */,
				90319CA12935FC1E000D01BE /* EMUtil.h in Headers */,
				908CE3CF293D913600348C1A /* NSArray+Category.h in Headers */,
				90319CC42935FC1E000D01BE /* EMMessageReaction+Helper.h in Headers */,
				9052DFA72A25D4BF00FB1FF2 /* EMFetchServerMessagesOption+Helper.h in Headers */,
				908CE3CD293D913600348C1A /* NSDictionary+Category.h in Headers */,
				90319CD02935FC1E000D01BE /* EMPushOptions+Helper.h in Headers */,
				90319C8D2935FC1E000D01BE /* EMGroupManagerWrapper.h in Headers */,
				90319CC52935FC1E000D01BE /* EMSilentModeParam+Helper.h in Headers */,
				90319C922935FC1E000D01BE /* EMMessageManager.h in Headers */,
				90319C832935FC1E000D01BE /* EMUserInfoManagerWrapper.h in Headers */,
				90319CC62935FC1E000D01BE /* EMPageResult+Helper.h in Headers */,
				90319CC82935FC1E000D01BE /* EMUserInfo+Helper.h in Headers */,
				90319CB82935FC1E000D01BE /* EMSilentModeTime+Helper.h in Headers */,
				90319CAD2935FC1E000D01BE /* EaseModeToJson.h in Headers */,
				4578AED32BC2452500DE8EB3 /* EMMessagePinInfo+Helper.h in Headers */,
				90319CB32935FC1E000D01BE /* EMChatThread+Helper.h in Headers */,
				90319C8A2935FC1E000D01BE /* EMRoomManagerWrapper.h in Headers */,
				90319C9A2935FC1E000D01BE /* EMChatThreadManagerWrapper.h in Headers */,
				90319CA92935FC1E000D01BE /* EMWrapperCallback.h in Headers */,
				90319CB52935FC1E000D01BE /* EMGroup+Helper.h in Headers */,
				90319C9D2935FC1E000D01BE /* EMSDKMethod.h in Headers */,
				90319CBF2935FC1E000D01BE /* EMSilentModeResult+Helper.h in Headers */,
				90319CCF2935FC1E000D01BE /* EMGroupMessageAck+Helper.h in Headers */,
				90319C912935FC1E000D01BE /* EMChatroom+Helper.h in Headers */,
				90319C942935FC1E000D01BE /* EMPresenceManagerWrapper.h in Headers */,
				90319C892935FC1E000D01BE /* EMClientWrapper.h in Headers */,
				90319CAC2935FC1E000D01BE /* EMOptions+Helper.h in Headers */,
				90319CC72935FC1E000D01BE /* EMChatThreadEvent+Helper.h in Headers */,
				90319C842935FC1E000D01BE /* EMBaseManager.h in Headers */,
				90319C882935FC1E000D01BE /* EMConversationWrapper.h in Headers */,
				90319CC12935FC1E000D01BE /* EMDeviceConfig+Helper.h in Headers */,
				45C0A2052C09C2C100D4833E /* EMRecallMessageInfo+Helper.h in Headers */,
				90319C9B2935FC1E000D01BE /* EMWrapperHelper.h in Headers */,
				90319D1429373932000D01BE /* wrapper.h in Headers */,
				90319CCD2935FC1E000D01BE /* EMPresence+Helper.h in Headers */,
				90319CAA2935FC1E000D01BE /* EMConversation+Helper.h in Headers */,
				90319CA72935FC1E000D01BE /* EMWrapperListener.h in Headers */,
				90319C8E2935FC1E000D01BE /* EMPushManagerWrapper.h in Headers */,
			);
			runOnlyForDeploymentPostprocessing = 0;
		};
/* End PBXHeadersBuildPhase section */

/* Begin PBXNativeTarget section */
		90319C1E2935FBE3000D01BE /* wrapper */ = {
			isa = PBXNativeTarget;
			buildConfigurationList = 90319C262935FBE3000D01BE /* Build configuration list for PBXNativeTarget "wrapper" */;
			buildPhases = (
				90319C1A2935FBE3000D01BE /* Headers */,
				90319C1B2935FBE3000D01BE /* Sources */,
				90319C1C2935FBE3000D01BE /* Frameworks */,
				90319C1D2935FBE3000D01BE /* Resources */,
			);
			buildRules = (
			);
			dependencies = (
				9052100129669E0500072251 /* PBXTargetDependency */,
			);
			name = wrapper;
			productName = wrapper;
			productReference = 90319C1F2935FBE3000D01BE /* wrapper.framework */;
			productType = "com.apple.product-type.framework";
		};
/* End PBXNativeTarget section */

/* Begin PBXProject section */
		90319C162935FBE3000D01BE /* Project object */ = {
			isa = PBXProject;
			attributes = {
				BuildIndependentTargetsInParallel = 1;
				LastUpgradeCheck = 1340;
				TargetAttributes = {
					90319C1E2935FBE3000D01BE = {
						CreatedOnToolsVersion = 13.4.1;
					};
					90520FFB29669DD200072251 = {
						CreatedOnToolsVersion = 14.2;
					};
				};
			};
			buildConfigurationList = 90319C192935FBE3000D01BE /* Build configuration list for PBXProject "wrapper" */;
			compatibilityVersion = "Xcode 13.0";
			developmentRegion = en;
			hasScannedForEncodings = 0;
			knownRegions = (
				en,
				Base,
			);
			mainGroup = 90319C152935FBE3000D01BE;
			productRefGroup = 90319C202935FBE3000D01BE /* Products */;
			projectDirPath = "";
			projectRoot = "";
			targets = (
				90319C1E2935FBE3000D01BE /* wrapper */,
				90520FFB29669DD200072251 /* download_sdk */,
			);
		};
/* End PBXProject section */

/* Begin PBXResourcesBuildPhase section */
		90319C1D2935FBE3000D01BE /* Resources */ = {
			isa = PBXResourcesBuildPhase;
			buildActionMask = 2147483647;
			files = (
			);
			runOnlyForDeploymentPostprocessing = 0;
		};
/* End PBXResourcesBuildPhase section */

/* Begin PBXShellScriptBuildPhase section */
		90520FFF29669DD600072251 /* ShellScript */ = {
			isa = PBXShellScriptBuildPhase;
			buildActionMask = 2147483647;
			files = (
			);
			inputFileListPaths = (
			);
			inputPaths = (
			);
			outputFileListPaths = (
			);
			outputPaths = (
			);
			runOnlyForDeploymentPostprocessing = 0;
			shellPath = /bin/sh;
			shellScript = "cd ..\n${SRCROOT}/../download_ios_sdk.sh\n";
		};
/* End PBXShellScriptBuildPhase section */

/* Begin PBXSourcesBuildPhase section */
		90319C1B2935FBE3000D01BE /* Sources */ = {
			isa = PBXSourcesBuildPhase;
			buildActionMask = 2147483647;
			files = (
				90319CB72935FC1E000D01BE /* EMMessageReactionChange+Helper.m in Sources */,
				90319C872935FC1E000D01BE /* EMChatManagerWrapper.m in Sources */,
				90319C982935FC1E000D01BE /* EMGroupManagerWrapper.m in Sources */,
				90319CAF2935FC1E000D01BE /* EMChatThreadEvent+Helper.m in Sources */,
				9052DFA82A25D4BF00FB1FF2 /* EMFetchServerMessagesOption+Helper.m in Sources */,
				90319CCA2935FC1E000D01BE /* EMGroup+Helper.m in Sources */,
				90319CC32935FC1E000D01BE /* EMChatThread+Helper.m in Sources */,
				90319C862935FC1E000D01BE /* EMPresenceManagerWrapper.m in Sources */,
				90319C8F2935FC1E000D01BE /* EMBaseManager.m in Sources */,
				90319CB12935FC1E000D01BE /* EMSilentModeParam+Helper.m in Sources */,
				9052DFAC2A25E78600FB1FF2 /* EMMessageReactionOperation+Helper.m in Sources */,
				90319CB92935FC1E000D01BE /* EMPushOptions+Helper.m in Sources */,
				90319C902935FC1E000D01BE /* EMUserInfoManagerWrapper.m in Sources */,
				90319CC22935FC1E000D01BE /* EMConversation+Helper.m in Sources */,
				4543E1C82BC2A25000429413 /* Mode.m in Sources */,
				90319CB02935FC1E000D01BE /* EMPageResult+Helper.m in Sources */,
				90319CCC2935FC1E000D01BE /* EMTranslateLanguage+Helper.m in Sources */,
				90319CBA2935FC1E000D01BE /* EMGroupMessageAck+Helper.m in Sources */,
				90319CCE2935FC1E000D01BE /* EMCursorResult+Helper.m in Sources */,
				4597E80F2B875E1200D70B6D /* EMContact+Helper.m in Sources */,
				90319C962935FC1E000D01BE /* EMClientWrapper.m in Sources */,
				90319C8C2935FC1E000D01BE /* EMContactManagerWrapper.m in Sources */,
				90319CA82935FC1E000D01BE /* EMWrapperCallback.m in Sources */,
				90319CB22935FC1E000D01BE /* EMMessageReaction+Helper.m in Sources */,
				908CE3CC293D913600348C1A /* NSArray+Category.m in Sources */,
				90319C822935FC1E000D01BE /* EMChatroom+Helper.m in Sources */,
				90319CAE2935FC1E000D01BE /* EMSilentModeResult+Helper.m in Sources */,
				90ED2EB8295C0DDA00601727 /* DelegateTester.m in Sources */,
				90319CC02935FC1E000D01BE /* EMOptions+Helper.m in Sources */,
				90319CAB2935FC1E000D01BE /* EMDeviceConfig+Helper.m in Sources */,
				90319CA62935FC1E000D01BE /* EMHelper.m in Sources */,
				90319CD32935FC1E000D01BE /* EMWrapper.m in Sources */,
				90319CBC2935FC1E000D01BE /* EMPresence+Helper.m in Sources */,
				90319CC92935FC1E000D01BE /* EMChatMessage+Helper.m in Sources */,
				90319C9F2935FC1E000D01BE /* EMThreadQueue.m in Sources */,
				45C0A2072C09C33D00D4833E /* EMRecallMessageInfo+Helper.m in Sources */,
				90319CD42935FC1E000D01BE /* EMWrapperHelper.m in Sources */,
				90319C952935FC1E000D01BE /* EMRoomManagerWrapper.m in Sources */,
				90319C972935FC1E000D01BE /* EMConversationWrapper.m in Sources */,
				90319C812935FC1E000D01BE /* EMMessageManager.m in Sources */,
				4578AED52BC2467B00DE8EB3 /* EMMessagePinInfo+Helper.m in Sources */,
				908CE3D0293D913600348C1A /* NSDictionary+Category.m in Sources */,
				90319CCB2935FC1E000D01BE /* EMError+Helper.m in Sources */,
				90319CD12935FC1E000D01BE /* EMSilentModeTime+Helper.m in Sources */,
				90319CB42935FC1E000D01BE /* EMUserInfo+Helper.m in Sources */,
				90319C852935FC1E000D01BE /* EMPushManagerWrapper.m in Sources */,
				90319C8B2935FC1E000D01BE /* EMChatThreadManagerWrapper.m in Sources */,
			);
			runOnlyForDeploymentPostprocessing = 0;
		};
/* End PBXSourcesBuildPhase section */

/* Begin PBXTargetDependency section */
		9052100129669E0500072251 /* PBXTargetDependency */ = {
			isa = PBXTargetDependency;
			target = 90520FFB29669DD200072251 /* download_sdk */;
			targetProxy = 9052100029669E0500072251 /* PBXContainerItemProxy */;
		};
/* End PBXTargetDependency section */

/* Begin XCBuildConfiguration section */
		90319C242935FBE3000D01BE /* Debug */ = {
			isa = XCBuildConfiguration;
			buildSettings = {
				ALWAYS_EMBED_SWIFT_STANDARD_LIBRARIES = YES;
				ALWAYS_SEARCH_USER_PATHS = NO;
				CLANG_ANALYZER_NONNULL = YES;
				CLANG_ANALYZER_NUMBER_OBJECT_CONVERSION = YES_AGGRESSIVE;
				CLANG_CXX_LANGUAGE_STANDARD = "gnu++17";
				CLANG_ENABLE_MODULES = YES;
				CLANG_ENABLE_OBJC_ARC = YES;
				CLANG_ENABLE_OBJC_WEAK = YES;
				CLANG_WARN_BLOCK_CAPTURE_AUTORELEASING = YES;
				CLANG_WARN_BOOL_CONVERSION = YES;
				CLANG_WARN_COMMA = YES;
				CLANG_WARN_CONSTANT_CONVERSION = YES;
				CLANG_WARN_DEPRECATED_OBJC_IMPLEMENTATIONS = YES;
				CLANG_WARN_DIRECT_OBJC_ISA_USAGE = YES_ERROR;
				CLANG_WARN_DOCUMENTATION_COMMENTS = YES;
				CLANG_WARN_EMPTY_BODY = YES;
				CLANG_WARN_ENUM_CONVERSION = YES;
				CLANG_WARN_INFINITE_RECURSION = YES;
				CLANG_WARN_INT_CONVERSION = YES;
				CLANG_WARN_NON_LITERAL_NULL_CONVERSION = YES;
				CLANG_WARN_OBJC_IMPLICIT_RETAIN_SELF = YES;
				CLANG_WARN_OBJC_LITERAL_CONVERSION = YES;
				CLANG_WARN_OBJC_ROOT_CLASS = YES_ERROR;
				CLANG_WARN_QUOTED_INCLUDE_IN_FRAMEWORK_HEADER = YES;
				CLANG_WARN_RANGE_LOOP_ANALYSIS = YES;
				CLANG_WARN_STRICT_PROTOTYPES = YES;
				CLANG_WARN_SUSPICIOUS_MOVE = YES;
				CLANG_WARN_UNGUARDED_AVAILABILITY = YES_AGGRESSIVE;
				CLANG_WARN_UNREACHABLE_CODE = YES;
				CLANG_WARN__DUPLICATE_METHOD_MATCH = YES;
				COPY_PHASE_STRIP = NO;
				CURRENT_PROJECT_VERSION = 1;
				DEBUG_INFORMATION_FORMAT = dwarf;
				ENABLE_STRICT_OBJC_MSGSEND = YES;
				ENABLE_TESTABILITY = YES;
				GCC_C_LANGUAGE_STANDARD = gnu11;
				GCC_DYNAMIC_NO_PIC = NO;
				GCC_NO_COMMON_BLOCKS = YES;
				GCC_OPTIMIZATION_LEVEL = 0;
				GCC_PREPROCESSOR_DEFINITIONS = (
					"DEBUG=1",
					"$(inherited)",
				);
				GCC_WARN_64_TO_32_BIT_CONVERSION = YES;
				GCC_WARN_ABOUT_RETURN_TYPE = YES_ERROR;
				GCC_WARN_UNDECLARED_SELECTOR = YES;
				GCC_WARN_UNINITIALIZED_AUTOS = YES_AGGRESSIVE;
				GCC_WARN_UNUSED_FUNCTION = YES;
				GCC_WARN_UNUSED_VARIABLE = YES;
				IPHONEOS_DEPLOYMENT_TARGET = 15.5;
				MTL_ENABLE_DEBUG_INFO = INCLUDE_SOURCE;
				MTL_FAST_MATH = YES;
				ONLY_ACTIVE_ARCH = YES;
				SDKROOT = iphoneos;
				VERSIONING_SYSTEM = "apple-generic";
				VERSION_INFO_PREFIX = "";
			};
			name = Debug;
		};
		90319C252935FBE3000D01BE /* Release */ = {
			isa = XCBuildConfiguration;
			buildSettings = {
				ALWAYS_EMBED_SWIFT_STANDARD_LIBRARIES = YES;
				ALWAYS_SEARCH_USER_PATHS = NO;
				CLANG_ANALYZER_NONNULL = YES;
				CLANG_ANALYZER_NUMBER_OBJECT_CONVERSION = YES_AGGRESSIVE;
				CLANG_CXX_LANGUAGE_STANDARD = "gnu++17";
				CLANG_ENABLE_MODULES = YES;
				CLANG_ENABLE_OBJC_ARC = YES;
				CLANG_ENABLE_OBJC_WEAK = YES;
				CLANG_WARN_BLOCK_CAPTURE_AUTORELEASING = YES;
				CLANG_WARN_BOOL_CONVERSION = YES;
				CLANG_WARN_COMMA = YES;
				CLANG_WARN_CONSTANT_CONVERSION = YES;
				CLANG_WARN_DEPRECATED_OBJC_IMPLEMENTATIONS = YES;
				CLANG_WARN_DIRECT_OBJC_ISA_USAGE = YES_ERROR;
				CLANG_WARN_DOCUMENTATION_COMMENTS = YES;
				CLANG_WARN_EMPTY_BODY = YES;
				CLANG_WARN_ENUM_CONVERSION = YES;
				CLANG_WARN_INFINITE_RECURSION = YES;
				CLANG_WARN_INT_CONVERSION = YES;
				CLANG_WARN_NON_LITERAL_NULL_CONVERSION = YES;
				CLANG_WARN_OBJC_IMPLICIT_RETAIN_SELF = YES;
				CLANG_WARN_OBJC_LITERAL_CONVERSION = YES;
				CLANG_WARN_OBJC_ROOT_CLASS = YES_ERROR;
				CLANG_WARN_QUOTED_INCLUDE_IN_FRAMEWORK_HEADER = YES;
				CLANG_WARN_RANGE_LOOP_ANALYSIS = YES;
				CLANG_WARN_STRICT_PROTOTYPES = YES;
				CLANG_WARN_SUSPICIOUS_MOVE = YES;
				CLANG_WARN_UNGUARDED_AVAILABILITY = YES_AGGRESSIVE;
				CLANG_WARN_UNREACHABLE_CODE = YES;
				CLANG_WARN__DUPLICATE_METHOD_MATCH = YES;
				COPY_PHASE_STRIP = NO;
				CURRENT_PROJECT_VERSION = 1;
				DEBUG_INFORMATION_FORMAT = "dwarf-with-dsym";
				ENABLE_NS_ASSERTIONS = NO;
				ENABLE_STRICT_OBJC_MSGSEND = YES;
				GCC_C_LANGUAGE_STANDARD = gnu11;
				GCC_NO_COMMON_BLOCKS = YES;
				GCC_WARN_64_TO_32_BIT_CONVERSION = YES;
				GCC_WARN_ABOUT_RETURN_TYPE = YES_ERROR;
				GCC_WARN_UNDECLARED_SELECTOR = YES;
				GCC_WARN_UNINITIALIZED_AUTOS = YES_AGGRESSIVE;
				GCC_WARN_UNUSED_FUNCTION = YES;
				GCC_WARN_UNUSED_VARIABLE = YES;
				IPHONEOS_DEPLOYMENT_TARGET = 15.5;
				MTL_ENABLE_DEBUG_INFO = NO;
				MTL_FAST_MATH = YES;
				SDKROOT = iphoneos;
				VALIDATE_PRODUCT = YES;
				VERSIONING_SYSTEM = "apple-generic";
				VERSION_INFO_PREFIX = "";
			};
			name = Release;
		};
		90319C272935FBE3000D01BE /* Debug */ = {
			isa = XCBuildConfiguration;
			buildSettings = {
				ARCHS = "$(ARCHS_STANDARD)";
				CODE_SIGN_STYLE = Automatic;
				CURRENT_PROJECT_VERSION = 1;
				DEBUG_INFORMATION_FORMAT = "dwarf-with-dsym";
				DEFINES_MODULE = YES;
				DEVELOPMENT_TEAM = JC854K845H;
				DYLIB_COMPATIBILITY_VERSION = 1;
				DYLIB_CURRENT_VERSION = 1;
				DYLIB_INSTALL_NAME_BASE = "@rpath";
				ENABLE_BITCODE = NO;
				EXCLUDED_ARCHS = "armv7 i386";
				FRAMEWORK_SEARCH_PATHS = (
					"$(inherited)",
					"$(PROJECT_DIR)",
					"$(PROJECT_DIR)/../",
				);
				GENERATE_INFOPLIST_FILE = YES;
				INFOPLIST_KEY_NSHumanReadableCopyright = "";
				INSTALL_PATH = "$(LOCAL_LIBRARY_DIR)/Frameworks";
				IPHONEOS_DEPLOYMENT_TARGET = 10.0;
				LD_RUNPATH_SEARCH_PATHS = (
					"$(inherited)",
					"@executable_path/Frameworks",
					"@loader_path/Frameworks",
				);
				MARKETING_VERSION = 1.0;
				ONLY_ACTIVE_ARCH = NO;
				PRODUCT_BUNDLE_IDENTIFIER = com.hyphenate.wrapper;
				PRODUCT_NAME = "$(TARGET_NAME:c99extidentifier)";
				SKIP_INSTALL = YES;
				STRIP_STYLE = all;
				SUPPORTS_MACCATALYST = NO;
				SWIFT_EMIT_LOC_STRINGS = YES;
				TARGETED_DEVICE_FAMILY = "1,2";
			};
			name = Debug;
		};
		90319C282935FBE3000D01BE /* Release */ = {
			isa = XCBuildConfiguration;
			buildSettings = {
				ARCHS = "$(ARCHS_STANDARD)";
				CODE_SIGN_STYLE = Automatic;
				CURRENT_PROJECT_VERSION = 1;
				DEFINES_MODULE = YES;
				DEVELOPMENT_TEAM = JC854K845H;
				DYLIB_COMPATIBILITY_VERSION = 1;
				DYLIB_CURRENT_VERSION = 1;
				DYLIB_INSTALL_NAME_BASE = "@rpath";
				ENABLE_BITCODE = NO;
				EXCLUDED_ARCHS = "armv7 i386";
				FRAMEWORK_SEARCH_PATHS = (
					"$(inherited)",
					"$(PROJECT_DIR)",
					"$(PROJECT_DIR)/../",
				);
				GENERATE_INFOPLIST_FILE = YES;
				INFOPLIST_KEY_NSHumanReadableCopyright = "";
				INSTALL_PATH = "$(LOCAL_LIBRARY_DIR)/Frameworks";
				IPHONEOS_DEPLOYMENT_TARGET = 10.0;
				LD_RUNPATH_SEARCH_PATHS = (
					"$(inherited)",
					"@executable_path/Frameworks",
					"@loader_path/Frameworks",
				);
				MARKETING_VERSION = 1.0;
				PRODUCT_BUNDLE_IDENTIFIER = com.hyphenate.wrapper;
				PRODUCT_NAME = "$(TARGET_NAME:c99extidentifier)";
				SKIP_INSTALL = YES;
				STRIP_STYLE = all;
				SUPPORTS_MACCATALYST = NO;
				SWIFT_EMIT_LOC_STRINGS = YES;
				TARGETED_DEVICE_FAMILY = "1,2";
			};
			name = Release;
		};
		90520FFC29669DD200072251 /* Debug */ = {
			isa = XCBuildConfiguration;
			buildSettings = {
				CODE_SIGN_STYLE = Automatic;
				PRODUCT_NAME = "$(TARGET_NAME)";
			};
			name = Debug;
		};
		90520FFD29669DD200072251 /* Release */ = {
			isa = XCBuildConfiguration;
			buildSettings = {
				CODE_SIGN_STYLE = Automatic;
				PRODUCT_NAME = "$(TARGET_NAME)";
			};
			name = Release;
		};
/* End XCBuildConfiguration section */

/* Begin XCConfigurationList section */
		90319C192935FBE3000D01BE /* Build configuration list for PBXProject "wrapper" */ = {
			isa = XCConfigurationList;
			buildConfigurations = (
				90319C242935FBE3000D01BE /* Debug */,
				90319C252935FBE3000D01BE /* Release */,
			);
			defaultConfigurationIsVisible = 0;
			defaultConfigurationName = Release;
		};
		90319C262935FBE3000D01BE /* Build configuration list for PBXNativeTarget "wrapper" */ = {
			isa = XCConfigurationList;
			buildConfigurations = (
				90319C272935FBE3000D01BE /* Debug */,
				90319C282935FBE3000D01BE /* Release */,
			);
			defaultConfigurationIsVisible = 0;
			defaultConfigurationName = Release;
		};
		90520FFE29669DD200072251 /* Build configuration list for PBXAggregateTarget "download_sdk" */ = {
			isa = XCConfigurationList;
			buildConfigurations = (
				90520FFC29669DD200072251 /* Debug */,
				90520FFD29669DD200072251 /* Release */,
			);
			defaultConfigurationIsVisible = 0;
			defaultConfigurationName = Release;
		};
/* End XCConfigurationList section */
	};
	rootObject = 90319C162935FBE3000D01BE /* Project object */;
}
