
Microsoft Visual Studio Solution File, Format Version 12.00
# Visual Studio Version 16
VisualStudioVersion = 16.0.810.4
MinimumVisualStudioVersion = 10.0.40219.1
Project("{FAE04EC0-301F-11D3-BF4B-00C04F79EFBC}") = "Assembly-CSharp", "Assembly-CSharp.csproj", "{3A4B1E97-589D-1E2D-D6C5-A6CFAD6C116F}"
EndProject
Global
	GlobalSection(SolutionConfigurationPlatforms) = preSolution
		Debug|Any CPU = Debug|Any CPU
		Release|Any CPU = Release|Any CPU
	EndGlobalSection
	GlobalSection(ProjectConfigurationPlatforms) = postSolution
		{3A4B1E97-589D-1E2D-D6C5-A6CFAD6C116F}.Debug|Any CPU.ActiveCfg = Debug|Any CPU
		{3A4B1E97-589D-1E2D-D6C5-A6CFAD6C116F}.Debug|Any CPU.Build.0 = Debug|Any CPU
		{3A4B1E97-589D-1E2D-D6C5-A6CFAD6C116F}.Release|Any CPU.ActiveCfg = Release|Any CPU
		{3A4B1E97-589D-1E2D-D6C5-A6CFAD6C116F}.Release|Any CPU.Build.0 = Release|Any CPU
	EndGlobalSection
	GlobalSection(SolutionProperties) = preSolution
		HideSolutionNode = FALSE
	EndGlobalSection
	GlobalSection(ExtensibilityGlobals) = postSolution
		SolutionGuid = {A5E96875-B0A8-4211-9B44-52A8F0F21153}
	EndGlobalSection
EndGlobal
