
Microsoft Visual Studio Solution File, Format Version 11.00
# Visual Studio 2010
Project("{FAE04EC0-301F-11D3-BF4B-00C04F79EFBC}") = "Assembly-CSharp", "Assembly-CSharp.csproj", "{3A4B1E97-589D-1E2D-D6C5-A6CFAD6C116F}"
EndProject
Project("{FAE04EC0-301F-11D3-BF4B-00C04F79EFBC}") = "Assembly-CSharp-Editor", "Assembly-CSharp-Editor.csproj", "{A82143A2-4FEB-AB1B-FBD9-0387C071A69A}"
EndProject
Global
	GlobalSection(SolutionConfigurationPlatforms) = preSolution
		Debug|Any CPU = Debug|Any CPU
		Release|Any CPU = Release|Any CPU
	EndGlobalSection
	GlobalSection(ProjectConfigurationPlatforms) = postSolution
		{3A4B1E97-589D-1E2D-D6C5-A6CFAD6C116F}.Debug|Any CPU.ActiveCfg = Debug|Any CPU
		{3A4B1E97-589D-1E2D-D6C5-A6CFAD6C116F}.Debug|Any CPU.Build.0 = Debug|Any CPU
		{3A4B1E97-589D-1E2D-D6C5-A6CFAD6C116F}.Release|Any CPU.ActiveCfg = Release|Any CPU
		{3A4B1E97-589D-1E2D-D6C5-A6CFAD6C116F}.Release|Any CPU.Build.0 = Release|Any CPU
		{A82143A2-4FEB-AB1B-FBD9-0387C071A69A}.Debug|Any CPU.ActiveCfg = Debug|Any CPU
		{A82143A2-4FEB-AB1B-FBD9-0387C071A69A}.Debug|Any CPU.Build.0 = Debug|Any CPU
		{A82143A2-4FEB-AB1B-FBD9-0387C071A69A}.Release|Any CPU.ActiveCfg = Release|Any CPU
		{A82143A2-4FEB-AB1B-FBD9-0387C071A69A}.Release|Any CPU.Build.0 = Release|Any CPU
	EndGlobalSection
	GlobalSection(SolutionProperties) = preSolution
		HideSolutionNode = FALSE
	EndGlobalSection
EndGlobal
