// !$*UTF8*$!
{
	archiveVersion = 1;
	classes = {
	};
	objectVersion = 55;
	objects = {

/* Begin PBXBuildFile section */
		90319CEC2935FC43000D01BE /* common_cwrapper.mm in Sources */ = {isa = PBXBuildFile; fileRef = 90319CD62935FC43000D01BE /* common_cwrapper.mm */; };
		90319CEF2935FC43000D01BE /* ios_gloable.mm in Sources */ = {isa = PBXBuildFile; fileRef = 90319CD92935FC43000D01BE /* ios_gloable.mm */; };
		90319CF12935FC43000D01BE /* EMCWrapperListener.h in Headers */ = {isa = PBXBuildFile; fileRef = 90319CDB2935FC43000D01BE /* EMCWrapperListener.h */; };
		90319CF32935FC43000D01BE /* EMCWrapper.h in Headers */ = {isa = PBXBuildFile; fileRef = 90319CDD2935FC43000D01BE /* EMCWrapper.h */; };
		90319CF72935FC43000D01BE /* CWrapper.mm in Sources */ = {isa = PBXBuildFile; fileRef = 90319CE12935FC43000D01BE /* CWrapper.mm */; };
		90319CF92935FC43000D01BE /* EMCWrapperListener.m in Sources */ = {isa = PBXBuildFile; fileRef = 90319CE32935FC43000D01BE /* EMCWrapperListener.m */; };
		90319CFA2935FC43000D01BE /* EMCWrapper.m in Sources */ = {isa = PBXBuildFile; fileRef = 90319CE42935FC43000D01BE /* EMCWrapper.m */; };
		90319CFB2935FC43000D01BE /* CWrapper.h in Headers */ = {isa = PBXBuildFile; fileRef = 90319CE62935FC43000D01BE /* CWrapper.h */; };
		90319CFC2935FC43000D01BE /* Api_decorator.h in Headers */ = {isa = PBXBuildFile; fileRef = 90319CE72935FC43000D01BE /* Api_decorator.h */; };
		90319CFD2935FC43000D01BE /* common_wrapper_internal.h in Headers */ = {isa = PBXBuildFile; fileRef = 90319CE82935FC43000D01BE /* common_wrapper_internal.h */; };
		90319CFE2935FC43000D01BE /* ios_gloable.h in Headers */ = {isa = PBXBuildFile; fileRef = 90319CE92935FC43000D01BE /* ios_gloable.h */; };
		90319CFF2935FC43000D01BE /* CWrapper_import.h in Headers */ = {isa = PBXBuildFile; fileRef = 90319CEA2935FC43000D01BE /* CWrapper_import.h */; };
		90319D002935FC43000D01BE /* common_wrapper.h in Headers */ = {isa = PBXBuildFile; fileRef = 90319CEB2935FC43000D01BE /* common_wrapper.h */; };
		90319D082935FD59000D01BE /* wrapper.framework in Frameworks */ = {isa = PBXBuildFile; fileRef = 90319D072935FD59000D01BE /* wrapper.framework */; };
		908CE3D3293D93A000348C1A /* NSString+Category.h in Headers */ = {isa = PBXBuildFile; fileRef = 908CE3D1293D93A000348C1A /* NSString+Category.h */; };
		908CE3D4293D93A000348C1A /* NSString+Category.m in Sources */ = {isa = PBXBuildFile; fileRef = 908CE3D2293D93A000348C1A /* NSString+Category.m */; };
/* End PBXBuildFile section */

/* Begin PBXFileReference section */
		90319C0B2935FBDA000D01BE /* ChatCWrapper.framework */ = {isa = PBXFileReference; explicitFileType = wrapper.framework; includeInIndex = 0; path = ChatCWrapper.framework; sourceTree = BUILT_PRODUCTS_DIR; };
		90319CD62935FC43000D01BE /* common_cwrapper.mm */ = {isa = PBXFileReference; fileEncoding = 4; lastKnownFileType = sourcecode.cpp.objcpp; path = common_cwrapper.mm; sourceTree = "<group>"; };
		90319CD92935FC43000D01BE /* ios_gloable.mm */ = {isa = PBXFileReference; fileEncoding = 4; lastKnownFileType = sourcecode.cpp.objcpp; path = ios_gloable.mm; sourceTree = "<group>"; };
		90319CDB2935FC43000D01BE /* EMCWrapperListener.h */ = {isa = PBXFileReference; fileEncoding = 4; lastKnownFileType = sourcecode.c.h; path = EMCWrapperListener.h; sourceTree = "<group>"; };
		90319CDD2935FC43000D01BE /* EMCWrapper.h */ = {isa = PBXFileReference; fileEncoding = 4; lastKnownFileType = sourcecode.c.h; path = EMCWrapper.h; sourceTree = "<group>"; };
		90319CE12935FC43000D01BE /* CWrapper.mm */ = {isa = PBXFileReference; fileEncoding = 4; lastKnownFileType = sourcecode.cpp.objcpp; path = CWrapper.mm; sourceTree = "<group>"; };
		90319CE32935FC43000D01BE /* EMCWrapperListener.m */ = {isa = PBXFileReference; fileEncoding = 4; lastKnownFileType = sourcecode.c.objc; path = EMCWrapperListener.m; sourceTree = "<group>"; };
		90319CE42935FC43000D01BE /* EMCWrapper.m */ = {isa = PBXFileReference; fileEncoding = 4; lastKnownFileType = sourcecode.c.objc; path = EMCWrapper.m; sourceTree = "<group>"; };
		90319CE62935FC43000D01BE /* CWrapper.h */ = {isa = PBXFileReference; fileEncoding = 4; lastKnownFileType = sourcecode.c.h; path = CWrapper.h; sourceTree = "<group>"; };
		90319CE72935FC43000D01BE /* Api_decorator.h */ = {isa = PBXFileReference; fileEncoding = 4; lastKnownFileType = sourcecode.c.h; path = Api_decorator.h; sourceTree = "<group>"; };
		90319CE82935FC43000D01BE /* common_wrapper_internal.h */ = {isa = PBXFileReference; fileEncoding = 4; lastKnownFileType = sourcecode.c.h; path = common_wrapper_internal.h; sourceTree = "<group>"; };
		90319CE92935FC43000D01BE /* ios_gloable.h */ = {isa = PBXFileReference; fileEncoding = 4; lastKnownFileType = sourcecode.c.h; path = ios_gloable.h; sourceTree = "<group>"; };
		90319CEA2935FC43000D01BE /* CWrapper_import.h */ = {isa = PBXFileReference; fileEncoding = 4; lastKnownFileType = sourcecode.c.h; path = CWrapper_import.h; sourceTree = "<group>"; };
		90319CEB2935FC43000D01BE /* common_wrapper.h */ = {isa = PBXFileReference; fileEncoding = 4; lastKnownFileType = sourcecode.c.h; path = common_wrapper.h; sourceTree = "<group>"; };
		90319D072935FD59000D01BE /* wrapper.framework */ = {isa = PBXFileReference; explicitFileType = wrapper.framework; path = wrapper.framework; sourceTree = BUILT_PRODUCTS_DIR; };
		90319D0F29360041000D01BE /* HyphenateChat.framework */ = {isa = PBXFileReference; lastKnownFileType = wrapper.framework; name = HyphenateChat.framework; path = ../HyphenateChat.framework; sourceTree = "<group>"; };
		908CE3D1293D93A000348C1A /* NSString+Category.h */ = {isa = PBXFileReference; fileEncoding = 4; lastKnownFileType = sourcecode.c.h; path = "NSString+Category.h"; sourceTree = "<group>"; };
		908CE3D2293D93A000348C1A /* NSString+Category.m */ = {isa = PBXFileReference; fileEncoding = 4; lastKnownFileType = sourcecode.c.objc; path = "NSString+Category.m"; sourceTree = "<group>"; };
/* End PBXFileReference section */

/* Begin PBXFrameworksBuildPhase section */
		90319C082935FBDA000D01BE /* Frameworks */ = {
			isa = PBXFrameworksBuildPhase;
			buildActionMask = 2147483647;
			files = (
				90319D082935FD59000D01BE /* wrapper.framework in Frameworks */,
			);
			runOnlyForDeploymentPostprocessing = 0;
		};
/* End PBXFrameworksBuildPhase section */

/* Begin PBXGroup section */
		90319C012935FBDA000D01BE = {
			isa = PBXGroup;
			children = (
				90319C0D2935FBDA000D01BE /* ChatCWrapper */,
				90319C0C2935FBDA000D01BE /* Products */,
				90319D062935FD59000D01BE /* Frameworks */,
			);
			sourceTree = "<group>";
		};
		90319C0C2935FBDA000D01BE /* Products */ = {
			isa = PBXGroup;
			children = (
				90319C0B2935FBDA000D01BE /* ChatCWrapper.framework */,
			);
			name = Products;
			sourceTree = "<group>";
		};
		90319C0D2935FBDA000D01BE /* ChatCWrapper */ = {
			isa = PBXGroup;
			children = (
				90319CE52935FC43000D01BE /* include */,
				90319CD52935FC43000D01BE /* src */,
			);
			path = ChatCWrapper;
			sourceTree = "<group>";
		};
		90319CD52935FC43000D01BE /* src */ = {
			isa = PBXGroup;
			children = (
				908CE3D1293D93A000348C1A /* NSString+Category.h */,
				908CE3D2293D93A000348C1A /* NSString+Category.m */,
				90319CDD2935FC43000D01BE /* EMCWrapper.h */,
				90319CE42935FC43000D01BE /* EMCWrapper.m */,
				90319CD92935FC43000D01BE /* ios_gloable.mm */,
				90319CE12935FC43000D01BE /* CWrapper.mm */,
				90319CD62935FC43000D01BE /* common_cwrapper.mm */,
				90319CDB2935FC43000D01BE /* EMCWrapperListener.h */,
				90319CE32935FC43000D01BE /* EMCWrapperListener.m */,
			);
			path = src;
			sourceTree = "<group>";
		};
		90319CE52935FC43000D01BE /* include */ = {
			isa = PBXGroup;
			children = (
				90319CE62935FC43000D01BE /* CWrapper.h */,
				90319CE72935FC43000D01BE /* Api_decorator.h */,
				90319CE82935FC43000D01BE /* common_wrapper_internal.h */,
				90319CE92935FC43000D01BE /* ios_gloable.h */,
				90319CEA2935FC43000D01BE /* CWrapper_import.h */,
				90319CEB2935FC43000D01BE /* common_wrapper.h */,
			);
			path = include;
			sourceTree = "<group>";
		};
		90319D062935FD59000D01BE /* Frameworks */ = {
			isa = PBXGroup;
			children = (
				90319D0F29360041000D01BE /* HyphenateChat.framework */,
				90319D072935FD59000D01BE /* wrapper.framework */,
			);
			name = Frameworks;
			sourceTree = "<group>";
		};
/* End PBXGroup section */

/* Begin PBXHeadersBuildPhase section */
		90319C062935FBDA000D01BE /* Headers */ = {
			isa = PBXHeadersBuildPhase;
			buildActionMask = 2147483647;
			files = (
				90319CF32935FC43000D01BE /* EMCWrapper.h in Headers */,
				90319CFC2935FC43000D01BE /* Api_decorator.h in Headers */,
				90319CFD2935FC43000D01BE /* common_wrapper_internal.h in Headers */,
				90319CF12935FC43000D01BE /* EMCWrapperListener.h in Headers */,
				90319CFE2935FC43000D01BE /* ios_gloable.h in Headers */,
				90319CFB2935FC43000D01BE /* CWrapper.h in Headers */,
				90319CFF2935FC43000D01BE /* CWrapper_import.h in Headers */,
				908CE3D3293D93A000348C1A /* NSString+Category.h in Headers */,
				90319D002935FC43000D01BE /* common_wrapper.h in Headers */,
			);
			runOnlyForDeploymentPostprocessing = 0;
		};
/* End PBXHeadersBuildPhase section */

/* Begin PBXNativeTarget section */
		90319C0A2935FBDA000D01BE /* ChatCWrapper */ = {
			isa = PBXNativeTarget;
			buildConfigurationList = 90319C122935FBDA000D01BE /* Build configuration list for PBXNativeTarget "ChatCWrapper" */;
			buildPhases = (
				90319C062935FBDA000D01BE /* Headers */,
				90319C072935FBDA000D01BE /* Sources */,
				90319C082935FBDA000D01BE /* Frameworks */,
				90319C092935FBDA000D01BE /* Resources */,
			);
			buildRules = (
			);
			dependencies = (
			);
			name = ChatCWrapper;
			productName = ChatCWrapper;
			productReference = 90319C0B2935FBDA000D01BE /* ChatCWrapper.framework */;
			productType = "com.apple.product-type.framework";
		};
/* End PBXNativeTarget section */

/* Begin PBXProject section */
		90319C022935FBDA000D01BE /* Project object */ = {
			isa = PBXProject;
			attributes = {
				BuildIndependentTargetsInParallel = 1;
				LastUpgradeCheck = 1340;
				TargetAttributes = {
					90319C0A2935FBDA000D01BE = {
						CreatedOnToolsVersion = 13.4.1;
					};
				};
			};
			buildConfigurationList = 90319C052935FBDA000D01BE /* Build configuration list for PBXProject "ChatCWrapper" */;
			compatibilityVersion = "Xcode 13.0";
			developmentRegion = en;
			hasScannedForEncodings = 0;
			knownRegions = (
				en,
				Base,
			);
			mainGroup = 90319C012935FBDA000D01BE;
			productRefGroup = 90319C0C2935FBDA000D01BE /* Products */;
			projectDirPath = "";
			projectRoot = "";
			targets = (
				90319C0A2935FBDA000D01BE /* ChatCWrapper */,
			);
		};
/* End PBXProject section */

/* Begin PBXResourcesBuildPhase section */
		90319C092935FBDA000D01BE /* Resources */ = {
			isa = PBXResourcesBuildPhase;
			buildActionMask = 2147483647;
			files = (
			);
			runOnlyForDeploymentPostprocessing = 0;
		};
/* End PBXResourcesBuildPhase section */

/* Begin PBXSourcesBuildPhase section */
		90319C072935FBDA000D01BE /* Sources */ = {
			isa = PBXSourcesBuildPhase;
			buildActionMask = 2147483647;
			files = (
				90319CEF2935FC43000D01BE /* ios_gloable.mm in Sources */,
				908CE3D4293D93A000348C1A /* NSString+Category.m in Sources */,
				90319CF72935FC43000D01BE /* CWrapper.mm in Sources */,
				90319CF92935FC43000D01BE /* EMCWrapperListener.m in Sources */,
				90319CEC2935FC43000D01BE /* common_cwrapper.mm in Sources */,
				90319CFA2935FC43000D01BE /* EMCWrapper.m in Sources */,
			);
			runOnlyForDeploymentPostprocessing = 0;
		};
/* End PBXSourcesBuildPhase section */

/* Begin XCBuildConfiguration section */
		90319C102935FBDA000D01BE /* Debug */ = {
			isa = XCBuildConfiguration;
			buildSettings = {
				ALWAYS_EMBED_SWIFT_STANDARD_LIBRARIES = YES;
				ALWAYS_SEARCH_USER_PATHS = NO;
				CLANG_ANALYZER_NONNULL = YES;
				CLANG_ANALYZER_NUMBER_OBJECT_CONVERSION = YES_AGGRESSIVE;
				CLANG_CXX_LANGUAGE_STANDARD = "gnu++17";
				CLANG_ENABLE_MODULES = YES;
				CLANG_ENABLE_OBJC_ARC = YES;
				CLANG_ENABLE_OBJC_WEAK = YES;
				CLANG_WARN_BLOCK_CAPTURE_AUTORELEASING = YES;
				CLANG_WARN_BOOL_CONVERSION = YES;
				CLANG_WARN_COMMA = YES;
				CLANG_WARN_CONSTANT_CONVERSION = YES;
				CLANG_WARN_DEPRECATED_OBJC_IMPLEMENTATIONS = YES;
				CLANG_WARN_DIRECT_OBJC_ISA_USAGE = YES_ERROR;
				CLANG_WARN_DOCUMENTATION_COMMENTS = YES;
				CLANG_WARN_EMPTY_BODY = YES;
				CLANG_WARN_ENUM_CONVERSION = YES;
				CLANG_WARN_INFINITE_RECURSION = YES;
				CLANG_WARN_INT_CONVERSION = YES;
				CLANG_WARN_NON_LITERAL_NULL_CONVERSION = YES;
				CLANG_WARN_OBJC_IMPLICIT_RETAIN_SELF = YES;
				CLANG_WARN_OBJC_LITERAL_CONVERSION = YES;
				CLANG_WARN_OBJC_ROOT_CLASS = YES_ERROR;
				CLANG_WARN_QUOTED_INCLUDE_IN_FRAMEWORK_HEADER = YES;
				CLANG_WARN_RANGE_LOOP_ANALYSIS = YES;
				CLANG_WARN_STRICT_PROTOTYPES = YES;
				CLANG_WARN_SUSPICIOUS_MOVE = YES;
				CLANG_WARN_UNGUARDED_AVAILABILITY = YES_AGGRESSIVE;
				CLANG_WARN_UNREACHABLE_CODE = YES;
				CLANG_WARN__DUPLICATE_METHOD_MATCH = YES;
				COPY_PHASE_STRIP = NO;
				CURRENT_PROJECT_VERSION = 1;
				DEBUG_INFORMATION_FORMAT = dwarf;
				ENABLE_STRICT_OBJC_MSGSEND = YES;
				ENABLE_TESTABILITY = YES;
				GCC_C_LANGUAGE_STANDARD = gnu11;
				GCC_DYNAMIC_NO_PIC = NO;
				GCC_NO_COMMON_BLOCKS = YES;
				GCC_OPTIMIZATION_LEVEL = 0;
				GCC_PREPROCESSOR_DEFINITIONS = (
					"DEBUG=1",
					"$(inherited)",
				);
				GCC_WARN_64_TO_32_BIT_CONVERSION = YES;
				GCC_WARN_ABOUT_RETURN_TYPE = YES_ERROR;
				GCC_WARN_UNDECLARED_SELECTOR = YES;
				GCC_WARN_UNINITIALIZED_AUTOS = YES_AGGRESSIVE;
				GCC_WARN_UNUSED_FUNCTION = YES;
				GCC_WARN_UNUSED_VARIABLE = YES;
				IPHONEOS_DEPLOYMENT_TARGET = 15.5;
				MTL_ENABLE_DEBUG_INFO = INCLUDE_SOURCE;
				MTL_FAST_MATH = YES;
				ONLY_ACTIVE_ARCH = YES;
				SDKROOT = iphoneos;
				VERSIONING_SYSTEM = "apple-generic";
				VERSION_INFO_PREFIX = "";
			};
			name = Debug;
		};
		90319C112935FBDA000D01BE /* Release */ = {
			isa = XCBuildConfiguration;
			buildSettings = {
				ALWAYS_EMBED_SWIFT_STANDARD_LIBRARIES = YES;
				ALWAYS_SEARCH_USER_PATHS = NO;
				CLANG_ANALYZER_NONNULL = YES;
				CLANG_ANALYZER_NUMBER_OBJECT_CONVERSION = YES_AGGRESSIVE;
				CLANG_CXX_LANGUAGE_STANDARD = "gnu++17";
				CLANG_ENABLE_MODULES = YES;
				CLANG_ENABLE_OBJC_ARC = YES;
				CLANG_ENABLE_OBJC_WEAK = YES;
				CLANG_WARN_BLOCK_CAPTURE_AUTORELEASING = YES;
				CLANG_WARN_BOOL_CONVERSION = YES;
				CLANG_WARN_COMMA = YES;
				CLANG_WARN_CONSTANT_CONVERSION = YES;
				CLANG_WARN_DEPRECATED_OBJC_IMPLEMENTATIONS = YES;
				CLANG_WARN_DIRECT_OBJC_ISA_USAGE = YES_ERROR;
				CLANG_WARN_DOCUMENTATION_COMMENTS = YES;
				CLANG_WARN_EMPTY_BODY = YES;
				CLANG_WARN_ENUM_CONVERSION = YES;
				CLANG_WARN_INFINITE_RECURSION = YES;
				CLANG_WARN_INT_CONVERSION = YES;
				CLANG_WARN_NON_LITERAL_NULL_CONVERSION = YES;
				CLANG_WARN_OBJC_IMPLICIT_RETAIN_SELF = YES;
				CLANG_WARN_OBJC_LITERAL_CONVERSION = YES;
				CLANG_WARN_OBJC_ROOT_CLASS = YES_ERROR;
				CLANG_WARN_QUOTED_INCLUDE_IN_FRAMEWORK_HEADER = YES;
				CLANG_WARN_RANGE_LOOP_ANALYSIS = YES;
				CLANG_WARN_STRICT_PROTOTYPES = YES;
				CLANG_WARN_SUSPICIOUS_MOVE = YES;
				CLANG_WARN_UNGUARDED_AVAILABILITY = YES_AGGRESSIVE;
				CLANG_WARN_UNREACHABLE_CODE = YES;
				CLANG_WARN__DUPLICATE_METHOD_MATCH = YES;
				COPY_PHASE_STRIP = NO;
				CURRENT_PROJECT_VERSION = 1;
				DEBUG_INFORMATION_FORMAT = "dwarf-with-dsym";
				ENABLE_NS_ASSERTIONS = NO;
				ENABLE_STRICT_OBJC_MSGSEND = YES;
				GCC_C_LANGUAGE_STANDARD = gnu11;
				GCC_NO_COMMON_BLOCKS = YES;
				GCC_WARN_64_TO_32_BIT_CONVERSION = YES;
				GCC_WARN_ABOUT_RETURN_TYPE = YES_ERROR;
				GCC_WARN_UNDECLARED_SELECTOR = YES;
				GCC_WARN_UNINITIALIZED_AUTOS = YES_AGGRESSIVE;
				GCC_WARN_UNUSED_FUNCTION = YES;
				GCC_WARN_UNUSED_VARIABLE = YES;
				IPHONEOS_DEPLOYMENT_TARGET = 15.5;
				MTL_ENABLE_DEBUG_INFO = NO;
				MTL_FAST_MATH = YES;
				SDKROOT = iphoneos;
				VALIDATE_PRODUCT = YES;
				VERSIONING_SYSTEM = "apple-generic";
				VERSION_INFO_PREFIX = "";
			};
			name = Release;
		};
		90319C132935FBDA000D01BE /* Debug */ = {
			isa = XCBuildConfiguration;
			buildSettings = {
				ALWAYS_EMBED_SWIFT_STANDARD_LIBRARIES = YES;
				CODE_SIGN_STYLE = Automatic;
				CURRENT_PROJECT_VERSION = 1;
				DEFINES_MODULE = YES;
				DEVELOPMENT_TEAM = JC854K845H;
				DYLIB_COMPATIBILITY_VERSION = 1;
				DYLIB_CURRENT_VERSION = 1;
				DYLIB_INSTALL_NAME_BASE = "@rpath";
				FRAMEWORK_SEARCH_PATHS = "";
				GENERATE_INFOPLIST_FILE = YES;
				INFOPLIST_KEY_NSHumanReadableCopyright = "";
				INSTALL_PATH = "$(LOCAL_LIBRARY_DIR)/Frameworks";
				IPHONEOS_DEPLOYMENT_TARGET = 11.0;
				LD_RUNPATH_SEARCH_PATHS = (
					"$(inherited)",
					"@executable_path/Frameworks",
					"@loader_path/Frameworks",
				);
				MARKETING_VERSION = 1.0;
				ONLY_ACTIVE_ARCH = NO;
				PRODUCT_BUNDLE_IDENTIFIER = com.hyphenate.ChatCWrapper;
				PRODUCT_NAME = "$(TARGET_NAME:c99extidentifier)";
				SKIP_INSTALL = YES;
				SUPPORTS_MACCATALYST = NO;
				SWIFT_EMIT_LOC_STRINGS = YES;
				TARGETED_DEVICE_FAMILY = "1,2";
			};
			name = Debug;
		};
		90319C142935FBDA000D01BE /* Release */ = {
			isa = XCBuildConfiguration;
			buildSettings = {
				ALWAYS_EMBED_SWIFT_STANDARD_LIBRARIES = YES;
				CODE_SIGN_STYLE = Automatic;
				CURRENT_PROJECT_VERSION = 1;
				DEFINES_MODULE = YES;
				DEVELOPMENT_TEAM = JC854K845H;
				DYLIB_COMPATIBILITY_VERSION = 1;
				DYLIB_CURRENT_VERSION = 1;
				DYLIB_INSTALL_NAME_BASE = "@rpath";
				FRAMEWORK_SEARCH_PATHS = "";
				GENERATE_INFOPLIST_FILE = YES;
				INFOPLIST_KEY_NSHumanReadableCopyright = "";
				INSTALL_PATH = "$(LOCAL_LIBRARY_DIR)/Frameworks";
				IPHONEOS_DEPLOYMENT_TARGET = 11.0;
				LD_RUNPATH_SEARCH_PATHS = (
					"$(inherited)",
					"@executable_path/Frameworks",
					"@loader_path/Frameworks",
				);
				MARKETING_VERSION = 1.0;
				PRODUCT_BUNDLE_IDENTIFIER = com.hyphenate.ChatCWrapper;
				PRODUCT_NAME = "$(TARGET_NAME:c99extidentifier)";
				SKIP_INSTALL = YES;
				SUPPORTS_MACCATALYST = NO;
				SWIFT_EMIT_LOC_STRINGS = YES;
				TARGETED_DEVICE_FAMILY = "1,2";
			};
			name = Release;
		};
/* End XCBuildConfiguration section */

/* Begin XCConfigurationList section */
		90319C052935FBDA000D01BE /* Build configuration list for PBXProject "ChatCWrapper" */ = {
			isa = XCConfigurationList;
			buildConfigurations = (
				90319C102935FBDA000D01BE /* Debug */,
				90319C112935FBDA000D01BE /* Release */,
			);
			defaultConfigurationIsVisible = 0;
			defaultConfigurationName = Release;
		};
		90319C122935FBDA000D01BE /* Build configuration list for PBXNativeTarget "ChatCWrapper" */ = {
			isa = XCConfigurationList;
			buildConfigurations = (
				90319C132935FBDA000D01BE /* Debug */,
				90319C142935FBDA000D01BE /* Release */,
			);
			defaultConfigurationIsVisible = 0;
			defaultConfigurationName = Release;
		};
/* End XCConfigurationList section */
	};
	rootObject = 90319C022935FBDA000D01BE /* Project object */;
}
