// !$*UTF8*$!
{
	archiveVersion = 1;
	classes = {
	};
	objectVersion = 50;
	objects = {

/* Begin PBXBuildFile section */
		905C27DB262EC4860097F7C2 /* easemob.framework in Frameworks */ = {isa = PBXBuildFile; fileRef = 905C27D9262EC4350097F7C2 /* easemob.framework */; };
		905C27DC262EC4860097F7C2 /* easemob.framework in Embed Frameworks */ = {isa = PBXBuildFile; fileRef = 905C27D9262EC4350097F7C2 /* easemob.framework */; settings = {ATTRIBUTES = (RemoveHeadersOnCopy, ); }; };
		905C2809262EDC2E0097F7C2 /* hyphenateCWrapper.cpp in Sources */ = {isa = PBXBuildFile; fileRef = 905C2808262EDC2E0097F7C2 /* hyphenateCWrapper.cpp */; };
/* End PBXBuildFile section */

/* Begin PBXCopyFilesBuildPhase section */
		905C27DD262EC4860097F7C2 /* Embed Frameworks */ = {
			isa = PBXCopyFilesBuildPhase;
			buildActionMask = 2147483647;
			dstPath = "";
			dstSubfolderSpec = 10;
			files = (
				905C27DC262EC4860097F7C2 /* easemob.framework in Embed Frameworks */,
			);
			name = "Embed Frameworks";
			runOnlyForDeploymentPostprocessing = 0;
		};
/* End PBXCopyFilesBuildPhase section */

/* Begin PBXFileReference section */
		905C27CF262EC3A50097F7C2 /* hyphenateCWrapper.bundle */ = {isa = PBXFileReference; explicitFileType = wrapper.cfbundle; includeInIndex = 0; path = hyphenateCWrapper.bundle; sourceTree = BUILT_PRODUCTS_DIR; };
		905C27D2262EC3A50097F7C2 /* Info.plist */ = {isa = PBXFileReference; lastKnownFileType = text.plist.xml; path = Info.plist; sourceTree = "<group>"; };
		905C27D9262EC4350097F7C2 /* easemob.framework */ = {isa = PBXFileReference; explicitFileType = wrapper.framework; path = easemob.framework; sourceTree = BUILT_PRODUCTS_DIR; };
		905C2807262EDC2E0097F7C2 /* hyphenateCWrapper.hpp */ = {isa = PBXFileReference; fileEncoding = 4; lastKnownFileType = sourcecode.cpp.h; path = hyphenateCWrapper.hpp; sourceTree = "<group>"; };
		905C2808262EDC2E0097F7C2 /* hyphenateCWrapper.cpp */ = {isa = PBXFileReference; fileEncoding = 4; lastKnownFileType = sourcecode.cpp.cpp; path = hyphenateCWrapper.cpp; sourceTree = "<group>"; };
/* End PBXFileReference section */

/* Begin PBXFrameworksBuildPhase section */
		905C27CC262EC3A50097F7C2 /* Frameworks */ = {
			isa = PBXFrameworksBuildPhase;
			buildActionMask = 2147483647;
			files = (
				905C27DB262EC4860097F7C2 /* easemob.framework in Frameworks */,
			);
			runOnlyForDeploymentPostprocessing = 0;
		};
/* End PBXFrameworksBuildPhase section */

/* Begin PBXGroup section */
		905C27C6262EC3A50097F7C2 = {
			isa = PBXGroup;
			children = (
				905C27D1262EC3A50097F7C2 /* hyphenateCWrapper */,
				905C27D0262EC3A50097F7C2 /* Products */,
				905C27D8262EC4340097F7C2 /* Frameworks */,
			);
			sourceTree = "<group>";
		};
		905C27D0262EC3A50097F7C2 /* Products */ = {
			isa = PBXGroup;
			children = (
				905C27CF262EC3A50097F7C2 /* hyphenateCWrapper.bundle */,
			);
			name = Products;
			sourceTree = "<group>";
		};
		905C27D1262EC3A50097F7C2 /* hyphenateCWrapper */ = {
			isa = PBXGroup;
			children = (
				905C2806262EDC2E0097F7C2 /* c_wrapper */,
				905C27D2262EC3A50097F7C2 /* Info.plist */,
			);
			path = hyphenateCWrapper;
			sourceTree = "<group>";
		};
		905C27D8262EC4340097F7C2 /* Frameworks */ = {
			isa = PBXGroup;
			children = (
				905C27D9262EC4350097F7C2 /* easemob.framework */,
			);
			name = Frameworks;
			sourceTree = "<group>";
		};
		905C2806262EDC2E0097F7C2 /* c_wrapper */ = {
			isa = PBXGroup;
			children = (
				905C2807262EDC2E0097F7C2 /* hyphenateCWrapper.hpp */,
				905C2808262EDC2E0097F7C2 /* hyphenateCWrapper.cpp */,
			);
			name = c_wrapper;
			path = ../../../c_wrapper;
			sourceTree = "<group>";
		};
/* End PBXGroup section */

/* Begin PBXNativeTarget section */
		905C27CE262EC3A50097F7C2 /* hyphenateCWrapper */ = {
			isa = PBXNativeTarget;
			buildConfigurationList = 905C27D5262EC3A50097F7C2 /* Build configuration list for PBXNativeTarget "hyphenateCWrapper" */;
			buildPhases = (
				905C27CB262EC3A50097F7C2 /* Sources */,
				905C27CC262EC3A50097F7C2 /* Frameworks */,
				905C27CD262EC3A50097F7C2 /* Resources */,
				905C27DD262EC4860097F7C2 /* Embed Frameworks */,
			);
			buildRules = (
			);
			dependencies = (
			);
			name = hyphenateCWrapper;
			productName = hyphenateCWrapper;
			productReference = 905C27CF262EC3A50097F7C2 /* hyphenateCWrapper.bundle */;
			productType = "com.apple.product-type.bundle";
		};
/* End PBXNativeTarget section */

/* Begin PBXProject section */
		905C27C7262EC3A50097F7C2 /* Project object */ = {
			isa = PBXProject;
			attributes = {
				LastUpgradeCheck = 1170;
				ORGANIZATIONNAME = easemob;
				TargetAttributes = {
					905C27CE262EC3A50097F7C2 = {
						CreatedOnToolsVersion = 11.7;
					};
				};
			};
			buildConfigurationList = 905C27CA262EC3A50097F7C2 /* Build configuration list for PBXProject "hyphenateCWrapper" */;
			compatibilityVersion = "Xcode 9.3";
			developmentRegion = en;
			hasScannedForEncodings = 0;
			knownRegions = (
				en,
				Base,
			);
			mainGroup = 905C27C6262EC3A50097F7C2;
			productRefGroup = 905C27D0262EC3A50097F7C2 /* Products */;
			projectDirPath = "";
			projectRoot = "";
			targets = (
				905C27CE262EC3A50097F7C2 /* hyphenateCWrapper */,
			);
		};
/* End PBXProject section */

/* Begin PBXResourcesBuildPhase section */
		905C27CD262EC3A50097F7C2 /* Resources */ = {
			isa = PBXResourcesBuildPhase;
			buildActionMask = 2147483647;
			files = (
			);
			runOnlyForDeploymentPostprocessing = 0;
		};
/* End PBXResourcesBuildPhase section */

/* Begin PBXSourcesBuildPhase section */
		905C27CB262EC3A50097F7C2 /* Sources */ = {
			isa = PBXSourcesBuildPhase;
			buildActionMask = 2147483647;
			files = (
				905C2809262EDC2E0097F7C2 /* hyphenateCWrapper.cpp in Sources */,
			);
			runOnlyForDeploymentPostprocessing = 0;
		};
/* End PBXSourcesBuildPhase section */

/* Begin XCBuildConfiguration section */
		905C27D3262EC3A50097F7C2 /* Debug */ = {
			isa = XCBuildConfiguration;
			buildSettings = {
				ALWAYS_SEARCH_USER_PATHS = NO;
				CLANG_ANALYZER_NONNULL = YES;
				CLANG_ANALYZER_NUMBER_OBJECT_CONVERSION = YES_AGGRESSIVE;
				CLANG_CXX_LANGUAGE_STANDARD = "gnu++14";
				CLANG_CXX_LIBRARY = "libc++";
				CLANG_ENABLE_MODULES = YES;
				CLANG_ENABLE_OBJC_ARC = YES;
				CLANG_ENABLE_OBJC_WEAK = YES;
				CLANG_WARN_BLOCK_CAPTURE_AUTORELEASING = YES;
				CLANG_WARN_BOOL_CONVERSION = YES;
				CLANG_WARN_COMMA = YES;
				CLANG_WARN_CONSTANT_CONVERSION = YES;
				CLANG_WARN_DEPRECATED_OBJC_IMPLEMENTATIONS = YES;
				CLANG_WARN_DIRECT_OBJC_ISA_USAGE = YES_ERROR;
				CLANG_WARN_DOCUMENTATION_COMMENTS = YES;
				CLANG_WARN_EMPTY_BODY = YES;
				CLANG_WARN_ENUM_CONVERSION = YES;
				CLANG_WARN_INFINITE_RECURSION = YES;
				CLANG_WARN_INT_CONVERSION = YES;
				CLANG_WARN_NON_LITERAL_NULL_CONVERSION = YES;
				CLANG_WARN_OBJC_IMPLICIT_RETAIN_SELF = YES;
				CLANG_WARN_OBJC_LITERAL_CONVERSION = YES;
				CLANG_WARN_OBJC_ROOT_CLASS = YES_ERROR;
				CLANG_WARN_RANGE_LOOP_ANALYSIS = YES;
				CLANG_WARN_STRICT_PROTOTYPES = YES;
				CLANG_WARN_SUSPICIOUS_MOVE = YES;
				CLANG_WARN_UNGUARDED_AVAILABILITY = YES_AGGRESSIVE;
				CLANG_WARN_UNREACHABLE_CODE = YES;
				CLANG_WARN__DUPLICATE_METHOD_MATCH = YES;
				COPY_PHASE_STRIP = NO;
				DEBUG_INFORMATION_FORMAT = dwarf;
				ENABLE_STRICT_OBJC_MSGSEND = YES;
				ENABLE_TESTABILITY = YES;
				GCC_C_LANGUAGE_STANDARD = gnu11;
				GCC_DYNAMIC_NO_PIC = NO;
				GCC_NO_COMMON_BLOCKS = YES;
				GCC_OPTIMIZATION_LEVEL = 0;
				GCC_PREPROCESSOR_DEFINITIONS = (
					"DEBUG=1",
					"$(inherited)",
				);
				GCC_WARN_64_TO_32_BIT_CONVERSION = YES;
				GCC_WARN_ABOUT_RETURN_TYPE = YES_ERROR;
				GCC_WARN_UNDECLARED_SELECTOR = YES;
				GCC_WARN_UNINITIALIZED_AUTOS = YES_AGGRESSIVE;
				GCC_WARN_UNUSED_FUNCTION = YES;
				GCC_WARN_UNUSED_VARIABLE = YES;
				MACOSX_DEPLOYMENT_TARGET = 10.16;
				MTL_ENABLE_DEBUG_INFO = INCLUDE_SOURCE;
				MTL_FAST_MATH = YES;
				ONLY_ACTIVE_ARCH = YES;
				SDKROOT = macosx;
			};
			name = Debug;
		};
		905C27D4262EC3A50097F7C2 /* Release */ = {
			isa = XCBuildConfiguration;
			buildSettings = {
				ALWAYS_SEARCH_USER_PATHS = NO;
				CLANG_ANALYZER_NONNULL = YES;
				CLANG_ANALYZER_NUMBER_OBJECT_CONVERSION = YES_AGGRESSIVE;
				CLANG_CXX_LANGUAGE_STANDARD = "gnu++14";
				CLANG_CXX_LIBRARY = "libc++";
				CLANG_ENABLE_MODULES = YES;
				CLANG_ENABLE_OBJC_ARC = YES;
				CLANG_ENABLE_OBJC_WEAK = YES;
				CLANG_WARN_BLOCK_CAPTURE_AUTORELEASING = YES;
				CLANG_WARN_BOOL_CONVERSION = YES;
				CLANG_WARN_COMMA = YES;
				CLANG_WARN_CONSTANT_CONVERSION = YES;
				CLANG_WARN_DEPRECATED_OBJC_IMPLEMENTATIONS = YES;
				CLANG_WARN_DIRECT_OBJC_ISA_USAGE = YES_ERROR;
				CLANG_WARN_DOCUMENTATION_COMMENTS = YES;
				CLANG_WARN_EMPTY_BODY = YES;
				CLANG_WARN_ENUM_CONVERSION = YES;
				CLANG_WARN_INFINITE_RECURSION = YES;
				CLANG_WARN_INT_CONVERSION = YES;
				CLANG_WARN_NON_LITERAL_NULL_CONVERSION = YES;
				CLANG_WARN_OBJC_IMPLICIT_RETAIN_SELF = YES;
				CLANG_WARN_OBJC_LITERAL_CONVERSION = YES;
				CLANG_WARN_OBJC_ROOT_CLASS = YES_ERROR;
				CLANG_WARN_RANGE_LOOP_ANALYSIS = YES;
				CLANG_WARN_STRICT_PROTOTYPES = YES;
				CLANG_WARN_SUSPICIOUS_MOVE = YES;
				CLANG_WARN_UNGUARDED_AVAILABILITY = YES_AGGRESSIVE;
				CLANG_WARN_UNREACHABLE_CODE = YES;
				CLANG_WARN__DUPLICATE_METHOD_MATCH = YES;
				COPY_PHASE_STRIP = NO;
				DEBUG_INFORMATION_FORMAT = "dwarf-with-dsym";
				ENABLE_NS_ASSERTIONS = NO;
				ENABLE_STRICT_OBJC_MSGSEND = YES;
				GCC_C_LANGUAGE_STANDARD = gnu11;
				GCC_NO_COMMON_BLOCKS = YES;
				GCC_WARN_64_TO_32_BIT_CONVERSION = YES;
				GCC_WARN_ABOUT_RETURN_TYPE = YES_ERROR;
				GCC_WARN_UNDECLARED_SELECTOR = YES;
				GCC_WARN_UNINITIALIZED_AUTOS = YES_AGGRESSIVE;
				GCC_WARN_UNUSED_FUNCTION = YES;
				GCC_WARN_UNUSED_VARIABLE = YES;
				MACOSX_DEPLOYMENT_TARGET = 10.16;
				MTL_ENABLE_DEBUG_INFO = NO;
				MTL_FAST_MATH = YES;
				SDKROOT = macosx;
			};
			name = Release;
		};
		905C27D6262EC3A50097F7C2 /* Debug */ = {
			isa = XCBuildConfiguration;
			buildSettings = {
				CODE_SIGN_STYLE = Automatic;
				COMBINE_HIDPI_IMAGES = YES;
				INFOPLIST_FILE = hyphenateCWrapper/Info.plist;
				INSTALL_PATH = "$(LOCAL_LIBRARY_DIR)/Bundles";
				MACOSX_DEPLOYMENT_TARGET = 10.9;
				PRODUCT_BUNDLE_IDENTIFIER = com.easemob.hyphenateCWrapper;
				PRODUCT_NAME = "$(TARGET_NAME)";
				SKIP_INSTALL = YES;
				WRAPPER_EXTENSION = bundle;
			};
			name = Debug;
		};
		905C27D7262EC3A50097F7C2 /* Release */ = {
			isa = XCBuildConfiguration;
			buildSettings = {
				CODE_SIGN_STYLE = Automatic;
				COMBINE_HIDPI_IMAGES = YES;
				INFOPLIST_FILE = hyphenateCWrapper/Info.plist;
				INSTALL_PATH = "$(LOCAL_LIBRARY_DIR)/Bundles";
				MACOSX_DEPLOYMENT_TARGET = 10.9;
				PRODUCT_BUNDLE_IDENTIFIER = com.easemob.hyphenateCWrapper;
				PRODUCT_NAME = "$(TARGET_NAME)";
				SKIP_INSTALL = YES;
				WRAPPER_EXTENSION = bundle;
			};
			name = Release;
		};
/* End XCBuildConfiguration section */

/* Begin XCConfigurationList section */
		905C27CA262EC3A50097F7C2 /* Build configuration list for PBXProject "hyphenateCWrapper" */ = {
			isa = XCConfigurationList;
			buildConfigurations = (
				905C27D3262EC3A50097F7C2 /* Debug */,
				905C27D4262EC3A50097F7C2 /* Release */,
			);
			defaultConfigurationIsVisible = 0;
			defaultConfigurationName = Release;
		};
		905C27D5262EC3A50097F7C2 /* Build configuration list for PBXNativeTarget "hyphenateCWrapper" */ = {
			isa = XCConfigurationList;
			buildConfigurations = (
				905C27D6262EC3A50097F7C2 /* Debug */,
				905C27D7262EC3A50097F7C2 /* Release */,
			);
			defaultConfigurationIsVisible = 0;
			defaultConfigurationName = Release;
		};
/* End XCConfigurationList section */
	};
	rootObject = 905C27C7262EC3A50097F7C2 /* Project object */;
}
